
Microsoft Visual Studio Solution File, Format Version 12.00
# Visual Studio Version 17
VisualStudioVersion = 17.0.31903.59
MinimumVisualStudioVersion = 10.0.40219.1
Project("{2150E333-8FDC-42A3-9474-1A3956D46DE8}") = "AppHost", "AppHost", "{FC458568-37CA-42DA-BF41-3F6E00BE5819}"
EndProject
Project("{2150E333-8FDC-42A3-9474-1A3956D46DE8}") = "BuildingBlocks", "BuildingBlocks", "{3A68ED2B-9572-4481-91F9-67B3DA7260BF}"
EndProject
Project("{2150E333-8FDC-42A3-9474-1A3956D46DE8}") = "Modules", "Modules", "{CDA0B9B0-C03C-4AF1-986C-E9F2915DA308}"
EndProject
Project("{2150E333-8FDC-42A3-9474-1A3956D46DE8}") = "Integrations", "Integrations", "{40B7E030-E53A-49F1-835F-A0872CFE9B4E}"
EndProject
Project("{2150E333-8FDC-42A3-9474-1A3956D46DE8}") = "Tests", "Tests", "{464CE326-19F3-4CE6-A861-5DCC7D8408B2}"
EndProject
Project("{2150E333-8FDC-42A3-9474-1A3956D46DE8}") = "docs", "docs", "{5FDFFFDB-1070-4C57-B05D-6D70FDA82062}"
EndProject
Project("{2150E333-8FDC-42A3-9474-1A3956D46DE8}") = "tools", "tools", "{C7E62DC5-1616-410F-937E-88B62DB85302}"
EndProject
Project("{2150E333-8FDC-42A3-9474-1A3956D46DE8}") = "eng", "eng", "{18C8447F-BCE7-4BCE-A82B-94F378246154}"
EndProject
Project("{9A19103F-16F7-4668-BE54-9A1E7A4F7556}") = "DockLauncher.BuildingBlocks.Domain", "BuildingBlocks\DockLauncher.BuildingBlocks.Domain\DockLauncher.BuildingBlocks.Domain.csproj", "{671D6DE4-4781-499C-8B4F-B0D558032AE1}"
EndProject
Project("{9A19103F-16F7-4668-BE54-9A1E7A4F7556}") = "DockLauncher.BuildingBlocks.Application", "BuildingBlocks\DockLauncher.BuildingBlocks.Application\DockLauncher.BuildingBlocks.Application.csproj", "{9F6A0DC3-5163-4B97-8158-03D5B21E77D9}"
EndProject
Project("{9A19103F-16F7-4668-BE54-9A1E7A4F7556}") = "DockLauncher.BuildingBlocks.Infrastructure", "BuildingBlocks\DockLauncher.BuildingBlocks.Infrastructure\DockLauncher.BuildingBlocks.Infrastructure.csproj", "{CDE8D0F2-250D-4677-9957-6F5697FC18B1}"
EndProject
Project("{9A19103F-16F7-4668-BE54-9A1E7A4F7556}") = "DockLauncher.BuildingBlocks.Presentation.Wpf", "BuildingBlocks\DockLauncher.BuildingBlocks.Presentation.Wpf\DockLauncher.BuildingBlocks.Presentation.Wpf.csproj", "{8C21D2AB-635B-458A-898C-F9416370FBDF}"
EndProject
Project("{9A19103F-16F7-4668-BE54-9A1E7A4F7556}") = "DockLauncher.Integrations.Windows", "Integrations\DockLauncher.Integrations.Windows\DockLauncher.Integrations.Windows.csproj", "{4B112E29-8DF7-4201-A744-387F2C5C3386}"
EndProject
Project("{9A19103F-16F7-4668-BE54-9A1E7A4F7556}") = "DockLauncher.Modules.Panels.Domain", "Modules\Panels\DockLauncher.Modules.Panels.Domain\DockLauncher.Modules.Panels.Domain.csproj", "{DD7E9635-F099-4113-A939-8B67831F1B11}"
EndProject
Project("{9A19103F-16F7-4668-BE54-9A1E7A4F7556}") = "DockLauncher.Modules.Panels.Application", "Modules\Panels\DockLauncher.Modules.Panels.Application\DockLauncher.Modules.Panels.Application.csproj", "{448180AF-248E-4C9E-BCC7-78CF49ED17DE}"
EndProject
Project("{9A19103F-16F7-4668-BE54-9A1E7A4F7556}") = "DockLauncher.Modules.Panels.Infrastructure", "Modules\Panels\DockLauncher.Modules.Panels.Infrastructure\DockLauncher.Modules.Panels.Infrastructure.csproj", "{D0DA4EFB-0852-4E62-AFE7-5C15A00EE04D}"
EndProject
Project("{9A19103F-16F7-4668-BE54-9A1E7A4F7556}") = "DockLauncher.Modules.Panels.Presentation.Wpf", "Modules\Panels\DockLauncher.Modules.Panels.Presentation.Wpf\DockLauncher.Modules.Panels.Presentation.Wpf.csproj", "{6E7A164B-D238-4A5C-814F-46F6F0D83589}"
EndProject
Project("{9A19103F-16F7-4668-BE54-9A1E7A4F7556}") = "DockLauncher.Modules.Items.Domain", "Modules\Items\DockLauncher.Modules.Items.Domain\DockLauncher.Modules.Items.Domain.csproj", "{8F232764-A0DB-4E27-AB49-BC297904B9BF}"
EndProject
Project("{9A19103F-16F7-4668-BE54-9A1E7A4F7556}") = "DockLauncher.Modules.Items.Application", "Modules\Items\DockLauncher.Modules.Items.Application\DockLauncher.Modules.Items.Application.csproj", "{BAE064CF-D9EE-499B-8E80-CEB321F9D631}"
EndProject
Project("{9A19103F-16F7-4668-BE54-9A1E7A4F7556}") = "DockLauncher.Modules.Items.Infrastructure", "Modules\Items\DockLauncher.Modules.Items.Infrastructure\DockLauncher.Modules.Items.Infrastructure.csproj", "{6B69267F-5196-4FD2-98CC-FA70365C2B1B}"
EndProject
Project("{9A19103F-16F7-4668-BE54-9A1E7A4F7556}") = "DockLauncher.Modules.Items.Presentation.Wpf", "Modules\Items\DockLauncher.Modules.Items.Presentation.Wpf\DockLauncher.Modules.Items.Presentation.Wpf.csproj", "{9E54B88B-13D3-4C43-BBDD-77C89F7D0198}"
EndProject
Project("{9A19103F-16F7-4668-BE54-9A1E7A4F7556}") = "DockLauncher.Modules.Groups.Domain", "Modules\Groups\DockLauncher.Modules.Groups.Domain\DockLauncher.Modules.Groups.Domain.csproj", "{24BC3439-3686-46AA-89D7-5C37B6300CF3}"
EndProject
Project("{9A19103F-16F7-4668-BE54-9A1E7A4F7556}") = "DockLauncher.Modules.Groups.Application", "Modules\Groups\DockLauncher.Modules.Groups.Application\DockLauncher.Modules.Groups.Application.csproj", "{01E75C9E-C149-483E-A8BE-121938E253A3}"
EndProject
Project("{9A19103F-16F7-4668-BE54-9A1E7A4F7556}") = "DockLauncher.Modules.Groups.Infrastructure", "Modules\Groups\DockLauncher.Modules.Groups.Infrastructure\DockLauncher.Modules.Groups.Infrastructure.csproj", "{76222147-C24E-4BB9-B9C4-D2399DCB3FDD}"
EndProject
Project("{9A19103F-16F7-4668-BE54-9A1E7A4F7556}") = "DockLauncher.Modules.Groups.Presentation.Wpf", "Modules\Groups\DockLauncher.Modules.Groups.Presentation.Wpf\DockLauncher.Modules.Groups.Presentation.Wpf.csproj", "{9AA72784-E981-4718-B301-3FA4FBA08A53}"
EndProject
Project("{9A19103F-16F7-4668-BE54-9A1E7A4F7556}") = "DockLauncher.Modules.LaunchProfiles.Domain", "Modules\LaunchProfiles\DockLauncher.Modules.LaunchProfiles.Domain\DockLauncher.Modules.LaunchProfiles.Domain.csproj", "{3FDE068C-B091-4978-AA8A-B9C319E7AF7E}"
EndProject
Project("{9A19103F-16F7-4668-BE54-9A1E7A4F7556}") = "DockLauncher.Modules.LaunchProfiles.Application", "Modules\LaunchProfiles\DockLauncher.Modules.LaunchProfiles.Application\DockLauncher.Modules.LaunchProfiles.Application.csproj", "{0438CA87-28A6-4C55-88B2-17CBAF3E53DC}"
EndProject
Project("{9A19103F-16F7-4668-BE54-9A1E7A4F7556}") = "DockLauncher.Modules.LaunchProfiles.Infrastructure", "Modules\LaunchProfiles\DockLauncher.Modules.LaunchProfiles.Infrastructure\DockLauncher.Modules.LaunchProfiles.Infrastructure.csproj", "{BA8A598F-2749-4108-814E-278CCC7E3134}"
EndProject
Project("{9A19103F-16F7-4668-BE54-9A1E7A4F7556}") = "DockLauncher.Modules.LaunchProfiles.Presentation.Wpf", "Modules\LaunchProfiles\DockLauncher.Modules.LaunchProfiles.Presentation.Wpf\DockLauncher.Modules.LaunchProfiles.Presentation.Wpf.csproj", "{5728F202-A0B6-44E3-9E1C-57AA3A97A40D}"
EndProject
Project("{9A19103F-16F7-4668-BE54-9A1E7A4F7556}") = "DockLauncher.Modules.FolderFlyouts.Domain", "Modules\FolderFlyouts\DockLauncher.Modules.FolderFlyouts.Domain\DockLauncher.Modules.FolderFlyouts.Domain.csproj", "{D5ABCA26-AA5A-4005-86AF-E848E4CBA38D}"
EndProject
Project("{9A19103F-16F7-4668-BE54-9A1E7A4F7556}") = "DockLauncher.Modules.FolderFlyouts.Application", "Modules\FolderFlyouts\DockLauncher.Modules.FolderFlyouts.Application\DockLauncher.Modules.FolderFlyouts.Application.csproj", "{4D86A7DE-626F-4564-A5C5-EE6F66C42F08}"
EndProject
Project("{9A19103F-16F7-4668-BE54-9A1E7A4F7556}") = "DockLauncher.Modules.FolderFlyouts.Infrastructure", "Modules\FolderFlyouts\DockLauncher.Modules.FolderFlyouts.Infrastructure\DockLauncher.Modules.FolderFlyouts.Infrastructure.csproj", "{A131B211-E701-41C7-A46E-02F7C947C810}"
EndProject
Project("{9A19103F-16F7-4668-BE54-9A1E7A4F7556}") = "DockLauncher.Modules.FolderFlyouts.Presentation.Wpf", "Modules\FolderFlyouts\DockLauncher.Modules.FolderFlyouts.Presentation.Wpf\DockLauncher.Modules.FolderFlyouts.Presentation.Wpf.csproj", "{AA055FEA-1705-4316-A2E1-F9884B61638C}"
EndProject
Project("{9A19103F-16F7-4668-BE54-9A1E7A4F7556}") = "DockLauncher.Modules.Settings.Domain", "Modules\Settings\DockLauncher.Modules.Settings.Domain\DockLauncher.Modules.Settings.Domain.csproj", "{9B8B6FBD-6B0D-4754-96DF-F21A03FA2990}"
EndProject
Project("{9A19103F-16F7-4668-BE54-9A1E7A4F7556}") = "DockLauncher.Modules.Settings.Application", "Modules\Settings\DockLauncher.Modules.Settings.Application\DockLauncher.Modules.Settings.Application.csproj", "{59AC6B61-C76D-48EA-B48E-3A18ECB3076E}"
EndProject
Project("{9A19103F-16F7-4668-BE54-9A1E7A4F7556}") = "DockLauncher.Modules.Settings.Infrastructure", "Modules\Settings\DockLauncher.Modules.Settings.Infrastructure\DockLauncher.Modules.Settings.Infrastructure.csproj", "{197A745D-872A-47B2-A130-450E78507E96}"
EndProject
Project("{9A19103F-16F7-4668-BE54-9A1E7A4F7556}") = "DockLauncher.Modules.Settings.Presentation.Wpf", "Modules\Settings\DockLauncher.Modules.Settings.Presentation.Wpf\DockLauncher.Modules.Settings.Presentation.Wpf.csproj", "{F2C6EA83-D891-44C5-A877-005D475E3592}"
EndProject
Project("{9A19103F-16F7-4668-BE54-9A1E7A4F7556}") = "DockLauncher.Modules.Icons.Domain", "Modules\Icons\DockLauncher.Modules.Icons.Domain\DockLauncher.Modules.Icons.Domain.csproj", "{16ACD243-31FD-4F4B-B155-5419889A741C}"
EndProject
Project("{9A19103F-16F7-4668-BE54-9A1E7A4F7556}") = "DockLauncher.Modules.Icons.Application", "Modules\Icons\DockLauncher.Modules.Icons.Application\DockLauncher.Modules.Icons.Application.csproj", "{BA863EAF-563A-4699-82A4-7FD7EEF91DA3}"
EndProject
Project("{9A19103F-16F7-4668-BE54-9A1E7A4F7556}") = "DockLauncher.Modules.Icons.Infrastructure", "Modules\Icons\DockLauncher.Modules.Icons.Infrastructure\DockLauncher.Modules.Icons.Infrastructure.csproj", "{F9ADB11E-CCDE-4125-8CD9-D9A98EFE6101}"
EndProject
Project("{9A19103F-16F7-4668-BE54-9A1E7A4F7556}") = "DockLauncher.Modules.Icons.Presentation.Wpf", "Modules\Icons\DockLauncher.Modules.Icons.Presentation.Wpf\DockLauncher.Modules.Icons.Presentation.Wpf.csproj", "{B8F0948A-5AB1-4D26-9F06-31A198EA282E}"
EndProject
Project("{9A19103F-16F7-4668-BE54-9A1E7A4F7556}") = "DockLauncher.Modules.Tray.Domain", "Modules\Tray\DockLauncher.Modules.Tray.Domain\DockLauncher.Modules.Tray.Domain.csproj", "{C4B64F8C-5E1D-40BF-8C4D-59D7A07EC898}"
EndProject
Project("{9A19103F-16F7-4668-BE54-9A1E7A4F7556}") = "DockLauncher.Modules.Tray.Application", "Modules\Tray\DockLauncher.Modules.Tray.Application\DockLauncher.Modules.Tray.Application.csproj", "{E91C8895-6CF2-4382-A5B3-E9911F183B8B}"
EndProject
Project("{9A19103F-16F7-4668-BE54-9A1E7A4F7556}") = "DockLauncher.Modules.Tray.Infrastructure", "Modules\Tray\DockLauncher.Modules.Tray.Infrastructure\DockLauncher.Modules.Tray.Infrastructure.csproj", "{7EA22FF0-7537-4EBE-BC24-AAC035AB0AE0}"
EndProject
Project("{9A19103F-16F7-4668-BE54-9A1E7A4F7556}") = "DockLauncher.Modules.Tray.Presentation.Wpf", "Modules\Tray\DockLauncher.Modules.Tray.Presentation.Wpf\DockLauncher.Modules.Tray.Presentation.Wpf.csproj", "{91D8E8A6-777C-4A7D-9175-C316CBB4A434}"
EndProject
Project("{9A19103F-16F7-4668-BE54-9A1E7A4F7556}") = "DockLauncher.Modules.Hotkeys.Domain", "Modules\Hotkeys\DockLauncher.Modules.Hotkeys.Domain\DockLauncher.Modules.Hotkeys.Domain.csproj", "{22EDB454-14B6-4E93-A448-3D5083C676D4}"
EndProject
Project("{9A19103F-16F7-4668-BE54-9A1E7A4F7556}") = "DockLauncher.Modules.Hotkeys.Application", "Modules\Hotkeys\DockLauncher.Modules.Hotkeys.Application\DockLauncher.Modules.Hotkeys.Application.csproj", "{B3AB1601-3026-48CA-87DB-BD7C91A0D6C6}"
EndProject
Project("{9A19103F-16F7-4668-BE54-9A1E7A4F7556}") = "DockLauncher.Modules.Hotkeys.Infrastructure", "Modules\Hotkeys\DockLauncher.Modules.Hotkeys.Infrastructure\DockLauncher.Modules.Hotkeys.Infrastructure.csproj", "{04632E69-7AB7-4525-ADEF-ECEF0FE0516C}"
EndProject
Project("{9A19103F-16F7-4668-BE54-9A1E7A4F7556}") = "DockLauncher.Modules.Hotkeys.Presentation.Wpf", "Modules\Hotkeys\DockLauncher.Modules.Hotkeys.Presentation.Wpf\DockLauncher.Modules.Hotkeys.Presentation.Wpf.csproj", "{2AB5E135-6CC6-4432-AA14-4C6D5052B0D7}"
EndProject
Project("{9A19103F-16F7-4668-BE54-9A1E7A4F7556}") = "DockLauncher.Modules.ShellIntegration.Domain", "Modules\ShellIntegration\DockLauncher.Modules.ShellIntegration.Domain\DockLauncher.Modules.ShellIntegration.Domain.csproj", "{1682B68D-7AE8-4687-BE32-3D5924D4DEBB}"
EndProject
Project("{9A19103F-16F7-4668-BE54-9A1E7A4F7556}") = "DockLauncher.Modules.ShellIntegration.Application", "Modules\ShellIntegration\DockLauncher.Modules.ShellIntegration.Application\DockLauncher.Modules.ShellIntegration.Application.csproj", "{B6CE267B-FB14-45BA-AB4C-54D024E81361}"
EndProject
Project("{9A19103F-16F7-4668-BE54-9A1E7A4F7556}") = "DockLauncher.Modules.ShellIntegration.Infrastructure", "Modules\ShellIntegration\DockLauncher.Modules.ShellIntegration.Infrastructure\DockLauncher.Modules.ShellIntegration.Infrastructure.csproj", "{9A1DD2A1-BDC4-4A88-B846-CDE103299E46}"
EndProject
Project("{9A19103F-16F7-4668-BE54-9A1E7A4F7556}") = "DockLauncher.Modules.ShellIntegration.Presentation.Wpf", "Modules\ShellIntegration\DockLauncher.Modules.ShellIntegration.Presentation.Wpf\DockLauncher.Modules.ShellIntegration.Presentation.Wpf.csproj", "{753692E9-01DB-412B-9F83-5E53AE7459BD}"
EndProject
Project("{9A19103F-16F7-4668-BE54-9A1E7A4F7556}") = "DockLauncher.AppHost", "AppHost\DockLauncher.AppHost\DockLauncher.AppHost.csproj", "{E18BA40A-04AD-4221-B38C-6E49C54F4126}"
EndProject
Project("{9A19103F-16F7-4668-BE54-9A1E7A4F7556}") = "DockLauncher.BuildingBlocks.Domain.Tests", "Tests\DockLauncher.BuildingBlocks.Domain.Tests\DockLauncher.BuildingBlocks.Domain.Tests.csproj", "{30CC2EBC-542B-4BBE-B5EC-8BEE6DF0AE0A}"
EndProject
Project("{9A19103F-16F7-4668-BE54-9A1E7A4F7556}") = "DockLauncher.Modules.Panels.Domain.Tests", "Tests\DockLauncher.Modules.Panels.Domain.Tests\DockLauncher.Modules.Panels.Domain.Tests.csproj", "{FFB61390-E19D-4079-A037-B18E36447699}"
EndProject
Project("{9A19103F-16F7-4668-BE54-9A1E7A4F7556}") = "DockLauncher.Modules.Panels.Application.Tests", "Tests\DockLauncher.Modules.Panels.Application.Tests\DockLauncher.Modules.Panels.Application.Tests.csproj", "{991039F1-F422-48DE-9FAF-5A514765CF56}"
EndProject
Project("{9A19103F-16F7-4668-BE54-9A1E7A4F7556}") = "DockLauncher.Modules.Items.Domain.Tests", "Tests\DockLauncher.Modules.Items.Domain.Tests\DockLauncher.Modules.Items.Domain.Tests.csproj", "{E8D9A385-2495-4773-8E03-394E865BA440}"
EndProject
Project("{9A19103F-16F7-4668-BE54-9A1E7A4F7556}") = "DockLauncher.Modules.LaunchProfiles.Application.Tests", "Tests\DockLauncher.Modules.LaunchProfiles.Application.Tests\DockLauncher.Modules.LaunchProfiles.Application.Tests.csproj", "{0A47F2FE-86EA-4276-9D1F-2501CDF369F3}"
EndProject
Project("{9A19103F-16F7-4668-BE54-9A1E7A4F7556}") = "DockLauncher.Architecture.Tests", "Tests\DockLauncher.Architecture.Tests\DockLauncher.Architecture.Tests.csproj", "{51BE0D8E-430C-485D-9EF8-3ED6BCF260BA}"
EndProject
Project("{9A19103F-16F7-4668-BE54-9A1E7A4F7556}") = "DockLauncher.Integration.Tests", "Tests\DockLauncher.Integration.Tests\DockLauncher.Integration.Tests.csproj", "{136E63BB-E41D-4939-BDF2-D7DA4952BF7B}"
EndProject
Project("{9A19103F-16F7-4668-BE54-9A1E7A4F7556}") = "DockLauncher.UiSmoke.Tests", "Tests\DockLauncher.UiSmoke.Tests\DockLauncher.UiSmoke.Tests.csproj", "{6981F347-FC9B-49BB-A825-4AF343640A3D}"
EndProject
Project("{FAE04EC0-301F-11D3-BF4B-00C04F79EFBC}") = "DockLauncher.E2E.Tests", "Tests\DockLauncher.E2E.Tests\DockLauncher.E2E.Tests.csproj", "{F00342B9-EE66-456D-9F7A-5A210640D857}"
EndProject
Global
	GlobalSection(SolutionConfigurationPlatforms) = preSolution
		Debug|Any CPU = Debug|Any CPU
		Debug|x64 = Debug|x64
		Debug|x86 = Debug|x86
		Release|Any CPU = Release|Any CPU
		Release|x64 = Release|x64
		Release|x86 = Release|x86
	EndGlobalSection
	GlobalSection(ProjectConfigurationPlatforms) = postSolution
		{671D6DE4-4781-499C-8B4F-B0D558032AE1}.Debug|Any CPU.ActiveCfg = Debug|Any CPU
		{671D6DE4-4781-499C-8B4F-B0D558032AE1}.Debug|Any CPU.Build.0 = Debug|Any CPU
		{671D6DE4-4781-499C-8B4F-B0D558032AE1}.Debug|x64.ActiveCfg = Debug|Any CPU
		{671D6DE4-4781-499C-8B4F-B0D558032AE1}.Debug|x64.Build.0 = Debug|Any CPU
		{671D6DE4-4781-499C-8B4F-B0D558032AE1}.Debug|x86.ActiveCfg = Debug|Any CPU
		{671D6DE4-4781-499C-8B4F-B0D558032AE1}.Debug|x86.Build.0 = Debug|Any CPU
		{671D6DE4-4781-499C-8B4F-B0D558032AE1}.Release|Any CPU.ActiveCfg = Release|Any CPU
		{671D6DE4-4781-499C-8B4F-B0D558032AE1}.Release|Any CPU.Build.0 = Release|Any CPU
		{671D6DE4-4781-499C-8B4F-B0D558032AE1}.Release|x64.ActiveCfg = Release|Any CPU
		{671D6DE4-4781-499C-8B4F-B0D558032AE1}.Release|x64.Build.0 = Release|Any CPU
		{671D6DE4-4781-499C-8B4F-B0D558032AE1}.Release|x86.ActiveCfg = Release|Any CPU
		{671D6DE4-4781-499C-8B4F-B0D558032AE1}.Release|x86.Build.0 = Release|Any CPU
		{9F6A0DC3-5163-4B97-8158-03D5B21E77D9}.Debug|Any CPU.ActiveCfg = Debug|Any CPU
		{9F6A0DC3-5163-4B97-8158-03D5B21E77D9}.Debug|Any CPU.Build.0 = Debug|Any CPU
		{9F6A0DC3-5163-4B97-8158-03D5B21E77D9}.Debug|x64.ActiveCfg = Debug|Any CPU
		{9F6A0DC3-5163-4B97-8158-03D5B21E77D9}.Debug|x64.Build.0 = Debug|Any CPU
		{9F6A0DC3-5163-4B97-8158-03D5B21E77D9}.Debug|x86.ActiveCfg = Debug|Any CPU
		{9F6A0DC3-5163-4B97-8158-03D5B21E77D9}.Debug|x86.Build.0 = Debug|Any CPU
		{9F6A0DC3-5163-4B97-8158-03D5B21E77D9}.Release|Any CPU.ActiveCfg = Release|Any CPU
		{9F6A0DC3-5163-4B97-8158-03D5B21E77D9}.Release|Any CPU.Build.0 = Release|Any CPU
		{9F6A0DC3-5163-4B97-8158-03D5B21E77D9}.Release|x64.ActiveCfg = Release|Any CPU
		{9F6A0DC3-5163-4B97-8158-03D5B21E77D9}.Release|x64.Build.0 = Release|Any CPU
		{9F6A0DC3-5163-4B97-8158-03D5B21E77D9}.Release|x86.ActiveCfg = Release|Any CPU
		{9F6A0DC3-5163-4B97-8158-03D5B21E77D9}.Release|x86.Build.0 = Release|Any CPU
		{CDE8D0F2-250D-4677-9957-6F5697FC18B1}.Debug|Any CPU.ActiveCfg = Debug|Any CPU
		{CDE8D0F2-250D-4677-9957-6F5697FC18B1}.Debug|Any CPU.Build.0 = Debug|Any CPU
		{CDE8D0F2-250D-4677-9957-6F5697FC18B1}.Debug|x64.ActiveCfg = Debug|Any CPU
		{CDE8D0F2-250D-4677-9957-6F5697FC18B1}.Debug|x64.Build.0 = Debug|Any CPU
		{CDE8D0F2-250D-4677-9957-6F5697FC18B1}.Debug|x86.ActiveCfg = Debug|Any CPU
		{CDE8D0F2-250D-4677-9957-6F5697FC18B1}.Debug|x86.Build.0 = Debug|Any CPU
		{CDE8D0F2-250D-4677-9957-6F5697FC18B1}.Release|Any CPU.ActiveCfg = Release|Any CPU
		{CDE8D0F2-250D-4677-9957-6F5697FC18B1}.Release|Any CPU.Build.0 = Release|Any CPU
		{CDE8D0F2-250D-4677-9957-6F5697FC18B1}.Release|x64.ActiveCfg = Release|Any CPU
		{CDE8D0F2-250D-4677-9957-6F5697FC18B1}.Release|x64.Build.0 = Release|Any CPU
		{CDE8D0F2-250D-4677-9957-6F5697FC18B1}.Release|x86.ActiveCfg = Release|Any CPU
		{CDE8D0F2-250D-4677-9957-6F5697FC18B1}.Release|x86.Build.0 = Release|Any CPU
		{8C21D2AB-635B-458A-898C-F9416370FBDF}.Debug|Any CPU.ActiveCfg = Debug|Any CPU
		{8C21D2AB-635B-458A-898C-F9416370FBDF}.Debug|Any CPU.Build.0 = Debug|Any CPU
		{8C21D2AB-635B-458A-898C-F9416370FBDF}.Debug|x64.ActiveCfg = Debug|Any CPU
		{8C21D2AB-635B-458A-898C-F9416370FBDF}.Debug|x64.Build.0 = Debug|Any CPU
		{8C21D2AB-635B-458A-898C-F9416370FBDF}.Debug|x86.ActiveCfg = Debug|Any CPU
		{8C21D2AB-635B-458A-898C-F9416370FBDF}.Debug|x86.Build.0 = Debug|Any CPU
		{8C21D2AB-635B-458A-898C-F9416370FBDF}.Release|Any CPU.ActiveCfg = Release|Any CPU
		{8C21D2AB-635B-458A-898C-F9416370FBDF}.Release|Any CPU.Build.0 = Release|Any CPU
		{8C21D2AB-635B-458A-898C-F9416370FBDF}.Release|x64.ActiveCfg = Release|Any CPU
		{8C21D2AB-635B-458A-898C-F9416370FBDF}.Release|x64.Build.0 = Release|Any CPU
		{8C21D2AB-635B-458A-898C-F9416370FBDF}.Release|x86.ActiveCfg = Release|Any CPU
		{8C21D2AB-635B-458A-898C-F9416370FBDF}.Release|x86.Build.0 = Release|Any CPU
		{4B112E29-8DF7-4201-A744-387F2C5C3386}.Debug|Any CPU.ActiveCfg = Debug|Any CPU
		{4B112E29-8DF7-4201-A744-387F2C5C3386}.Debug|Any CPU.Build.0 = Debug|Any CPU
		{4B112E29-8DF7-4201-A744-387F2C5C3386}.Debug|x64.ActiveCfg = Debug|Any CPU
		{4B112E29-8DF7-4201-A744-387F2C5C3386}.Debug|x64.Build.0 = Debug|Any CPU
		{4B112E29-8DF7-4201-A744-387F2C5C3386}.Debug|x86.ActiveCfg = Debug|Any CPU
		{4B112E29-8DF7-4201-A744-387F2C5C3386}.Debug|x86.Build.0 = Debug|Any CPU
		{4B112E29-8DF7-4201-A744-387F2C5C3386}.Release|Any CPU.ActiveCfg = Release|Any CPU
		{4B112E29-8DF7-4201-A744-387F2C5C3386}.Release|Any CPU.Build.0 = Release|Any CPU
		{4B112E29-8DF7-4201-A744-387F2C5C3386}.Release|x64.ActiveCfg = Release|Any CPU
		{4B112E29-8DF7-4201-A744-387F2C5C3386}.Release|x64.Build.0 = Release|Any CPU
		{4B112E29-8DF7-4201-A744-387F2C5C3386}.Release|x86.ActiveCfg = Release|Any CPU
		{4B112E29-8DF7-4201-A744-387F2C5C3386}.Release|x86.Build.0 = Release|Any CPU
		{DD7E9635-F099-4113-A939-8B67831F1B11}.Debug|Any CPU.ActiveCfg = Debug|Any CPU
		{DD7E9635-F099-4113-A939-8B67831F1B11}.Debug|Any CPU.Build.0 = Debug|Any CPU
		{DD7E9635-F099-4113-A939-8B67831F1B11}.Debug|x64.ActiveCfg = Debug|Any CPU
		{DD7E9635-F099-4113-A939-8B67831F1B11}.Debug|x64.Build.0 = Debug|Any CPU
		{DD7E9635-F099-4113-A939-8B67831F1B11}.Debug|x86.ActiveCfg = Debug|Any CPU
		{DD7E9635-F099-4113-A939-8B67831F1B11}.Debug|x86.Build.0 = Debug|Any CPU
		{DD7E9635-F099-4113-A939-8B67831F1B11}.Release|Any CPU.ActiveCfg = Release|Any CPU
		{DD7E9635-F099-4113-A939-8B67831F1B11}.Release|Any CPU.Build.0 = Release|Any CPU
		{DD7E9635-F099-4113-A939-8B67831F1B11}.Release|x64.ActiveCfg = Release|Any CPU
		{DD7E9635-F099-4113-A939-8B67831F1B11}.Release|x64.Build.0 = Release|Any CPU
		{DD7E9635-F099-4113-A939-8B67831F1B11}.Release|x86.ActiveCfg = Release|Any CPU
		{DD7E9635-F099-4113-A939-8B67831F1B11}.Release|x86.Build.0 = Release|Any CPU
		{448180AF-248E-4C9E-BCC7-78CF49ED17DE}.Debug|Any CPU.ActiveCfg = Debug|Any CPU
		{448180AF-248E-4C9E-BCC7-78CF49ED17DE}.Debug|Any CPU.Build.0 = Debug|Any CPU
		{448180AF-248E-4C9E-BCC7-78CF49ED17DE}.Debug|x64.ActiveCfg = Debug|Any CPU
		{448180AF-248E-4C9E-BCC7-78CF49ED17DE}.Debug|x64.Build.0 = Debug|Any CPU
		{448180AF-248E-4C9E-BCC7-78CF49ED17DE}.Debug|x86.ActiveCfg = Debug|Any CPU
		{448180AF-248E-4C9E-BCC7-78CF49ED17DE}.Debug|x86.Build.0 = Debug|Any CPU
		{448180AF-248E-4C9E-BCC7-78CF49ED17DE}.Release|Any CPU.ActiveCfg = Release|Any CPU
		{448180AF-248E-4C9E-BCC7-78CF49ED17DE}.Release|Any CPU.Build.0 = Release|Any CPU
		{448180AF-248E-4C9E-BCC7-78CF49ED17DE}.Release|x64.ActiveCfg = Release|Any CPU
		{448180AF-248E-4C9E-BCC7-78CF49ED17DE}.Release|x64.Build.0 = Release|Any CPU
		{448180AF-248E-4C9E-BCC7-78CF49ED17DE}.Release|x86.ActiveCfg = Release|Any CPU
		{448180AF-248E-4C9E-BCC7-78CF49ED17DE}.Release|x86.Build.0 = Release|Any CPU
		{D0DA4EFB-0852-4E62-AFE7-5C15A00EE04D}.Debug|Any CPU.ActiveCfg = Debug|Any CPU
		{D0DA4EFB-0852-4E62-AFE7-5C15A00EE04D}.Debug|Any CPU.Build.0 = Debug|Any CPU
		{D0DA4EFB-0852-4E62-AFE7-5C15A00EE04D}.Debug|x64.ActiveCfg = Debug|Any CPU
		{D0DA4EFB-0852-4E62-AFE7-5C15A00EE04D}.Debug|x64.Build.0 = Debug|Any CPU
		{D0DA4EFB-0852-4E62-AFE7-5C15A00EE04D}.Debug|x86.ActiveCfg = Debug|Any CPU
		{D0DA4EFB-0852-4E62-AFE7-5C15A00EE04D}.Debug|x86.Build.0 = Debug|Any CPU
		{D0DA4EFB-0852-4E62-AFE7-5C15A00EE04D}.Release|Any CPU.ActiveCfg = Release|Any CPU
		{D0DA4EFB-0852-4E62-AFE7-5C15A00EE04D}.Release|Any CPU.Build.0 = Release|Any CPU
		{D0DA4EFB-0852-4E62-AFE7-5C15A00EE04D}.Release|x64.ActiveCfg = Release|Any CPU
		{D0DA4EFB-0852-4E62-AFE7-5C15A00EE04D}.Release|x64.Build.0 = Release|Any CPU
		{D0DA4EFB-0852-4E62-AFE7-5C15A00EE04D}.Release|x86.ActiveCfg = Release|Any CPU
		{D0DA4EFB-0852-4E62-AFE7-5C15A00EE04D}.Release|x86.Build.0 = Release|Any CPU
		{6E7A164B-D238-4A5C-814F-46F6F0D83589}.Debug|Any CPU.ActiveCfg = Debug|Any CPU
		{6E7A164B-D238-4A5C-814F-46F6F0D83589}.Debug|Any CPU.Build.0 = Debug|Any CPU
		{6E7A164B-D238-4A5C-814F-46F6F0D83589}.Debug|x64.ActiveCfg = Debug|Any CPU
		{6E7A164B-D238-4A5C-814F-46F6F0D83589}.Debug|x64.Build.0 = Debug|Any CPU
		{6E7A164B-D238-4A5C-814F-46F6F0D83589}.Debug|x86.ActiveCfg = Debug|Any CPU
		{6E7A164B-D238-4A5C-814F-46F6F0D83589}.Debug|x86.Build.0 = Debug|Any CPU
		{6E7A164B-D238-4A5C-814F-46F6F0D83589}.Release|Any CPU.ActiveCfg = Release|Any CPU
		{6E7A164B-D238-4A5C-814F-46F6F0D83589}.Release|Any CPU.Build.0 = Release|Any CPU
		{6E7A164B-D238-4A5C-814F-46F6F0D83589}.Release|x64.ActiveCfg = Release|Any CPU
		{6E7A164B-D238-4A5C-814F-46F6F0D83589}.Release|x64.Build.0 = Release|Any CPU
		{6E7A164B-D238-4A5C-814F-46F6F0D83589}.Release|x86.ActiveCfg = Release|Any CPU
		{6E7A164B-D238-4A5C-814F-46F6F0D83589}.Release|x86.Build.0 = Release|Any CPU
		{8F232764-A0DB-4E27-AB49-BC297904B9BF}.Debug|Any CPU.ActiveCfg = Debug|Any CPU
		{8F232764-A0DB-4E27-AB49-BC297904B9BF}.Debug|Any CPU.Build.0 = Debug|Any CPU
		{8F232764-A0DB-4E27-AB49-BC297904B9BF}.Debug|x64.ActiveCfg = Debug|Any CPU
		{8F232764-A0DB-4E27-AB49-BC297904B9BF}.Debug|x64.Build.0 = Debug|Any CPU
		{8F232764-A0DB-4E27-AB49-BC297904B9BF}.Debug|x86.ActiveCfg = Debug|Any CPU
		{8F232764-A0DB-4E27-AB49-BC297904B9BF}.Debug|x86.Build.0 = Debug|Any CPU
		{8F232764-A0DB-4E27-AB49-BC297904B9BF}.Release|Any CPU.ActiveCfg = Release|Any CPU
		{8F232764-A0DB-4E27-AB49-BC297904B9BF}.Release|Any CPU.Build.0 = Release|Any CPU
		{8F232764-A0DB-4E27-AB49-BC297904B9BF}.Release|x64.ActiveCfg = Release|Any CPU
		{8F232764-A0DB-4E27-AB49-BC297904B9BF}.Release|x64.Build.0 = Release|Any CPU
		{8F232764-A0DB-4E27-AB49-BC297904B9BF}.Release|x86.ActiveCfg = Release|Any CPU
		{8F232764-A0DB-4E27-AB49-BC297904B9BF}.Release|x86.Build.0 = Release|Any CPU
		{BAE064CF-D9EE-499B-8E80-CEB321F9D631}.Debug|Any CPU.ActiveCfg = Debug|Any CPU
		{BAE064CF-D9EE-499B-8E80-CEB321F9D631}.Debug|Any CPU.Build.0 = Debug|Any CPU
		{BAE064CF-D9EE-499B-8E80-CEB321F9D631}.Debug|x64.ActiveCfg = Debug|Any CPU
		{BAE064CF-D9EE-499B-8E80-CEB321F9D631}.Debug|x64.Build.0 = Debug|Any CPU
		{BAE064CF-D9EE-499B-8E80-CEB321F9D631}.Debug|x86.ActiveCfg = Debug|Any CPU
		{BAE064CF-D9EE-499B-8E80-CEB321F9D631}.Debug|x86.Build.0 = Debug|Any CPU
		{BAE064CF-D9EE-499B-8E80-CEB321F9D631}.Release|Any CPU.ActiveCfg = Release|Any CPU
		{BAE064CF-D9EE-499B-8E80-CEB321F9D631}.Release|Any CPU.Build.0 = Release|Any CPU
		{BAE064CF-D9EE-499B-8E80-CEB321F9D631}.Release|x64.ActiveCfg = Release|Any CPU
		{BAE064CF-D9EE-499B-8E80-CEB321F9D631}.Release|x64.Build.0 = Release|Any CPU
		{BAE064CF-D9EE-499B-8E80-CEB321F9D631}.Release|x86.ActiveCfg = Release|Any CPU
		{BAE064CF-D9EE-499B-8E80-CEB321F9D631}.Release|x86.Build.0 = Release|Any CPU
		{6B69267F-5196-4FD2-98CC-FA70365C2B1B}.Debug|Any CPU.ActiveCfg = Debug|Any CPU
		{6B69267F-5196-4FD2-98CC-FA70365C2B1B}.Debug|Any CPU.Build.0 = Debug|Any CPU
		{6B69267F-5196-4FD2-98CC-FA70365C2B1B}.Debug|x64.ActiveCfg = Debug|Any CPU
		{6B69267F-5196-4FD2-98CC-FA70365C2B1B}.Debug|x64.Build.0 = Debug|Any CPU
		{6B69267F-5196-4FD2-98CC-FA70365C2B1B}.Debug|x86.ActiveCfg = Debug|Any CPU
		{6B69267F-5196-4FD2-98CC-FA70365C2B1B}.Debug|x86.Build.0 = Debug|Any CPU
		{6B69267F-5196-4FD2-98CC-FA70365C2B1B}.Release|Any CPU.ActiveCfg = Release|Any CPU
		{6B69267F-5196-4FD2-98CC-FA70365C2B1B}.Release|Any CPU.Build.0 = Release|Any CPU
		{6B69267F-5196-4FD2-98CC-FA70365C2B1B}.Release|x64.ActiveCfg = Release|Any CPU
		{6B69267F-5196-4FD2-98CC-FA70365C2B1B}.Release|x64.Build.0 = Release|Any CPU
		{6B69267F-5196-4FD2-98CC-FA70365C2B1B}.Release|x86.ActiveCfg = Release|Any CPU
		{6B69267F-5196-4FD2-98CC-FA70365C2B1B}.Release|x86.Build.0 = Release|Any CPU
		{9E54B88B-13D3-4C43-BBDD-77C89F7D0198}.Debug|Any CPU.ActiveCfg = Debug|Any CPU
		{9E54B88B-13D3-4C43-BBDD-77C89F7D0198}.Debug|Any CPU.Build.0 = Debug|Any CPU
		{9E54B88B-13D3-4C43-BBDD-77C89F7D0198}.Debug|x64.ActiveCfg = Debug|Any CPU
		{9E54B88B-13D3-4C43-BBDD-77C89F7D0198}.Debug|x64.Build.0 = Debug|Any CPU
		{9E54B88B-13D3-4C43-BBDD-77C89F7D0198}.Debug|x86.ActiveCfg = Debug|Any CPU
		{9E54B88B-13D3-4C43-BBDD-77C89F7D0198}.Debug|x86.Build.0 = Debug|Any CPU
		{9E54B88B-13D3-4C43-BBDD-77C89F7D0198}.Release|Any CPU.ActiveCfg = Release|Any CPU
		{9E54B88B-13D3-4C43-BBDD-77C89F7D0198}.Release|Any CPU.Build.0 = Release|Any CPU
		{9E54B88B-13D3-4C43-BBDD-77C89F7D0198}.Release|x64.ActiveCfg = Release|Any CPU
		{9E54B88B-13D3-4C43-BBDD-77C89F7D0198}.Release|x64.Build.0 = Release|Any CPU
		{9E54B88B-13D3-4C43-BBDD-77C89F7D0198}.Release|x86.ActiveCfg = Release|Any CPU
		{9E54B88B-13D3-4C43-BBDD-77C89F7D0198}.Release|x86.Build.0 = Release|Any CPU
		{24BC3439-3686-46AA-89D7-5C37B6300CF3}.Debug|Any CPU.ActiveCfg = Debug|Any CPU
		{24BC3439-3686-46AA-89D7-5C37B6300CF3}.Debug|Any CPU.Build.0 = Debug|Any CPU
		{24BC3439-3686-46AA-89D7-5C37B6300CF3}.Debug|x64.ActiveCfg = Debug|Any CPU
		{24BC3439-3686-46AA-89D7-5C37B6300CF3}.Debug|x64.Build.0 = Debug|Any CPU
		{24BC3439-3686-46AA-89D7-5C37B6300CF3}.Debug|x86.ActiveCfg = Debug|Any CPU
		{24BC3439-3686-46AA-89D7-5C37B6300CF3}.Debug|x86.Build.0 = Debug|Any CPU
		{24BC3439-3686-46AA-89D7-5C37B6300CF3}.Release|Any CPU.ActiveCfg = Release|Any CPU
		{24BC3439-3686-46AA-89D7-5C37B6300CF3}.Release|Any CPU.Build.0 = Release|Any CPU
		{24BC3439-3686-46AA-89D7-5C37B6300CF3}.Release|x64.ActiveCfg = Release|Any CPU
		{24BC3439-3686-46AA-89D7-5C37B6300CF3}.Release|x64.Build.0 = Release|Any CPU
		{24BC3439-3686-46AA-89D7-5C37B6300CF3}.Release|x86.ActiveCfg = Release|Any CPU
		{24BC3439-3686-46AA-89D7-5C37B6300CF3}.Release|x86.Build.0 = Release|Any CPU
		{01E75C9E-C149-483E-A8BE-121938E253A3}.Debug|Any CPU.ActiveCfg = Debug|Any CPU
		{01E75C9E-C149-483E-A8BE-121938E253A3}.Debug|Any CPU.Build.0 = Debug|Any CPU
		{01E75C9E-C149-483E-A8BE-121938E253A3}.Debug|x64.ActiveCfg = Debug|Any CPU
		{01E75C9E-C149-483E-A8BE-121938E253A3}.Debug|x64.Build.0 = Debug|Any CPU
		{01E75C9E-C149-483E-A8BE-121938E253A3}.Debug|x86.ActiveCfg = Debug|Any CPU
		{01E75C9E-C149-483E-A8BE-121938E253A3}.Debug|x86.Build.0 = Debug|Any CPU
		{01E75C9E-C149-483E-A8BE-121938E253A3}.Release|Any CPU.ActiveCfg = Release|Any CPU
		{01E75C9E-C149-483E-A8BE-121938E253A3}.Release|Any CPU.Build.0 = Release|Any CPU
		{01E75C9E-C149-483E-A8BE-121938E253A3}.Release|x64.ActiveCfg = Release|Any CPU
		{01E75C9E-C149-483E-A8BE-121938E253A3}.Release|x64.Build.0 = Release|Any CPU
		{01E75C9E-C149-483E-A8BE-121938E253A3}.Release|x86.ActiveCfg = Release|Any CPU
		{01E75C9E-C149-483E-A8BE-121938E253A3}.Release|x86.Build.0 = Release|Any CPU
		{76222147-C24E-4BB9-B9C4-D2399DCB3FDD}.Debug|Any CPU.ActiveCfg = Debug|Any CPU
		{76222147-C24E-4BB9-B9C4-D2399DCB3FDD}.Debug|Any CPU.Build.0 = Debug|Any CPU
		{76222147-C24E-4BB9-B9C4-D2399DCB3FDD}.Debug|x64.ActiveCfg = Debug|Any CPU
		{76222147-C24E-4BB9-B9C4-D2399DCB3FDD}.Debug|x64.Build.0 = Debug|Any CPU
		{76222147-C24E-4BB9-B9C4-D2399DCB3FDD}.Debug|x86.ActiveCfg = Debug|Any CPU
		{76222147-C24E-4BB9-B9C4-D2399DCB3FDD}.Debug|x86.Build.0 = Debug|Any CPU
		{76222147-C24E-4BB9-B9C4-D2399DCB3FDD}.Release|Any CPU.ActiveCfg = Release|Any CPU
		{76222147-C24E-4BB9-B9C4-D2399DCB3FDD}.Release|Any CPU.Build.0 = Release|Any CPU
		{76222147-C24E-4BB9-B9C4-D2399DCB3FDD}.Release|x64.ActiveCfg = Release|Any CPU
		{76222147-C24E-4BB9-B9C4-D2399DCB3FDD}.Release|x64.Build.0 = Release|Any CPU
		{76222147-C24E-4BB9-B9C4-D2399DCB3FDD}.Release|x86.ActiveCfg = Release|Any CPU
		{76222147-C24E-4BB9-B9C4-D2399DCB3FDD}.Release|x86.Build.0 = Release|Any CPU
		{9AA72784-E981-4718-B301-3FA4FBA08A53}.Debug|Any CPU.ActiveCfg = Debug|Any CPU
		{9AA72784-E981-4718-B301-3FA4FBA08A53}.Debug|Any CPU.Build.0 = Debug|Any CPU
		{9AA72784-E981-4718-B301-3FA4FBA08A53}.Debug|x64.ActiveCfg = Debug|Any CPU
		{9AA72784-E981-4718-B301-3FA4FBA08A53}.Debug|x64.Build.0 = Debug|Any CPU
		{9AA72784-E981-4718-B301-3FA4FBA08A53}.Debug|x86.ActiveCfg = Debug|Any CPU
		{9AA72784-E981-4718-B301-3FA4FBA08A53}.Debug|x86.Build.0 = Debug|Any CPU
		{9AA72784-E981-4718-B301-3FA4FBA08A53}.Release|Any CPU.ActiveCfg = Release|Any CPU
		{9AA72784-E981-4718-B301-3FA4FBA08A53}.Release|Any CPU.Build.0 = Release|Any CPU
		{9AA72784-E981-4718-B301-3FA4FBA08A53}.Release|x64.ActiveCfg = Release|Any CPU
		{9AA72784-E981-4718-B301-3FA4FBA08A53}.Release|x64.Build.0 = Release|Any CPU
		{9AA72784-E981-4718-B301-3FA4FBA08A53}.Release|x86.ActiveCfg = Release|Any CPU
		{9AA72784-E981-4718-B301-3FA4FBA08A53}.Release|x86.Build.0 = Release|Any CPU
		{3FDE068C-B091-4978-AA8A-B9C319E7AF7E}.Debug|Any CPU.ActiveCfg = Debug|Any CPU
		{3FDE068C-B091-4978-AA8A-B9C319E7AF7E}.Debug|Any CPU.Build.0 = Debug|Any CPU
		{3FDE068C-B091-4978-AA8A-B9C319E7AF7E}.Debug|x64.ActiveCfg = Debug|Any CPU
		{3FDE068C-B091-4978-AA8A-B9C319E7AF7E}.Debug|x64.Build.0 = Debug|Any CPU
		{3FDE068C-B091-4978-AA8A-B9C319E7AF7E}.Debug|x86.ActiveCfg = Debug|Any CPU
		{3FDE068C-B091-4978-AA8A-B9C319E7AF7E}.Debug|x86.Build.0 = Debug|Any CPU
		{3FDE068C-B091-4978-AA8A-B9C319E7AF7E}.Release|Any CPU.ActiveCfg = Release|Any CPU
		{3FDE068C-B091-4978-AA8A-B9C319E7AF7E}.Release|Any CPU.Build.0 = Release|Any CPU
		{3FDE068C-B091-4978-AA8A-B9C319E7AF7E}.Release|x64.ActiveCfg = Release|Any CPU
		{3FDE068C-B091-4978-AA8A-B9C319E7AF7E}.Release|x64.Build.0 = Release|Any CPU
		{3FDE068C-B091-4978-AA8A-B9C319E7AF7E}.Release|x86.ActiveCfg = Release|Any CPU
		{3FDE068C-B091-4978-AA8A-B9C319E7AF7E}.Release|x86.Build.0 = Release|Any CPU
		{0438CA87-28A6-4C55-88B2-17CBAF3E53DC}.Debug|Any CPU.ActiveCfg = Debug|Any CPU
		{0438CA87-28A6-4C55-88B2-17CBAF3E53DC}.Debug|Any CPU.Build.0 = Debug|Any CPU
		{0438CA87-28A6-4C55-88B2-17CBAF3E53DC}.Debug|x64.ActiveCfg = Debug|Any CPU
		{0438CA87-28A6-4C55-88B2-17CBAF3E53DC}.Debug|x64.Build.0 = Debug|Any CPU
		{0438CA87-28A6-4C55-88B2-17CBAF3E53DC}.Debug|x86.ActiveCfg = Debug|Any CPU
		{0438CA87-28A6-4C55-88B2-17CBAF3E53DC}.Debug|x86.Build.0 = Debug|Any CPU
		{0438CA87-28A6-4C55-88B2-17CBAF3E53DC}.Release|Any CPU.ActiveCfg = Release|Any CPU
		{0438CA87-28A6-4C55-88B2-17CBAF3E53DC}.Release|Any CPU.Build.0 = Release|Any CPU
		{0438CA87-28A6-4C55-88B2-17CBAF3E53DC}.Release|x64.ActiveCfg = Release|Any CPU
		{0438CA87-28A6-4C55-88B2-17CBAF3E53DC}.Release|x64.Build.0 = Release|Any CPU
		{0438CA87-28A6-4C55-88B2-17CBAF3E53DC}.Release|x86.ActiveCfg = Release|Any CPU
		{0438CA87-28A6-4C55-88B2-17CBAF3E53DC}.Release|x86.Build.0 = Release|Any CPU
		{BA8A598F-2749-4108-814E-278CCC7E3134}.Debug|Any CPU.ActiveCfg = Debug|Any CPU
		{BA8A598F-2749-4108-814E-278CCC7E3134}.Debug|Any CPU.Build.0 = Debug|Any CPU
		{BA8A598F-2749-4108-814E-278CCC7E3134}.Debug|x64.ActiveCfg = Debug|Any CPU
		{BA8A598F-2749-4108-814E-278CCC7E3134}.Debug|x64.Build.0 = Debug|Any CPU
		{BA8A598F-2749-4108-814E-278CCC7E3134}.Debug|x86.ActiveCfg = Debug|Any CPU
		{BA8A598F-2749-4108-814E-278CCC7E3134}.Debug|x86.Build.0 = Debug|Any CPU
		{BA8A598F-2749-4108-814E-278CCC7E3134}.Release|Any CPU.ActiveCfg = Release|Any CPU
		{BA8A598F-2749-4108-814E-278CCC7E3134}.Release|Any CPU.Build.0 = Release|Any CPU
		{BA8A598F-2749-4108-814E-278CCC7E3134}.Release|x64.ActiveCfg = Release|Any CPU
		{BA8A598F-2749-4108-814E-278CCC7E3134}.Release|x64.Build.0 = Release|Any CPU
		{BA8A598F-2749-4108-814E-278CCC7E3134}.Release|x86.ActiveCfg = Release|Any CPU
		{BA8A598F-2749-4108-814E-278CCC7E3134}.Release|x86.Build.0 = Release|Any CPU
		{5728F202-A0B6-44E3-9E1C-57AA3A97A40D}.Debug|Any CPU.ActiveCfg = Debug|Any CPU
		{5728F202-A0B6-44E3-9E1C-57AA3A97A40D}.Debug|Any CPU.Build.0 = Debug|Any CPU
		{5728F202-A0B6-44E3-9E1C-57AA3A97A40D}.Debug|x64.ActiveCfg = Debug|Any CPU
		{5728F202-A0B6-44E3-9E1C-57AA3A97A40D}.Debug|x64.Build.0 = Debug|Any CPU
		{5728F202-A0B6-44E3-9E1C-57AA3A97A40D}.Debug|x86.ActiveCfg = Debug|Any CPU
		{5728F202-A0B6-44E3-9E1C-57AA3A97A40D}.Debug|x86.Build.0 = Debug|Any CPU
		{5728F202-A0B6-44E3-9E1C-57AA3A97A40D}.Release|Any CPU.ActiveCfg = Release|Any CPU
		{5728F202-A0B6-44E3-9E1C-57AA3A97A40D}.Release|Any CPU.Build.0 = Release|Any CPU
		{5728F202-A0B6-44E3-9E1C-57AA3A97A40D}.Release|x64.ActiveCfg = Release|Any CPU
		{5728F202-A0B6-44E3-9E1C-57AA3A97A40D}.Release|x64.Build.0 = Release|Any CPU
		{5728F202-A0B6-44E3-9E1C-57AA3A97A40D}.Release|x86.ActiveCfg = Release|Any CPU
		{5728F202-A0B6-44E3-9E1C-57AA3A97A40D}.Release|x86.Build.0 = Release|Any CPU
		{D5ABCA26-AA5A-4005-86AF-E848E4CBA38D}.Debug|Any CPU.ActiveCfg = Debug|Any CPU
		{D5ABCA26-AA5A-4005-86AF-E848E4CBA38D}.Debug|Any CPU.Build.0 = Debug|Any CPU
		{D5ABCA26-AA5A-4005-86AF-E848E4CBA38D}.Debug|x64.ActiveCfg = Debug|Any CPU
		{D5ABCA26-AA5A-4005-86AF-E848E4CBA38D}.Debug|x64.Build.0 = Debug|Any CPU
		{D5ABCA26-AA5A-4005-86AF-E848E4CBA38D}.Debug|x86.ActiveCfg = Debug|Any CPU
		{D5ABCA26-AA5A-4005-86AF-E848E4CBA38D}.Debug|x86.Build.0 = Debug|Any CPU
		{D5ABCA26-AA5A-4005-86AF-E848E4CBA38D}.Release|Any CPU.ActiveCfg = Release|Any CPU
		{D5ABCA26-AA5A-4005-86AF-E848E4CBA38D}.Release|Any CPU.Build.0 = Release|Any CPU
		{D5ABCA26-AA5A-4005-86AF-E848E4CBA38D}.Release|x64.ActiveCfg = Release|Any CPU
		{D5ABCA26-AA5A-4005-86AF-E848E4CBA38D}.Release|x64.Build.0 = Release|Any CPU
		{D5ABCA26-AA5A-4005-86AF-E848E4CBA38D}.Release|x86.ActiveCfg = Release|Any CPU
		{D5ABCA26-AA5A-4005-86AF-E848E4CBA38D}.Release|x86.Build.0 = Release|Any CPU
		{4D86A7DE-626F-4564-A5C5-EE6F66C42F08}.Debug|Any CPU.ActiveCfg = Debug|Any CPU
		{4D86A7DE-626F-4564-A5C5-EE6F66C42F08}.Debug|Any CPU.Build.0 = Debug|Any CPU
		{4D86A7DE-626F-4564-A5C5-EE6F66C42F08}.Debug|x64.ActiveCfg = Debug|Any CPU
		{4D86A7DE-626F-4564-A5C5-EE6F66C42F08}.Debug|x64.Build.0 = Debug|Any CPU
		{4D86A7DE-626F-4564-A5C5-EE6F66C42F08}.Debug|x86.ActiveCfg = Debug|Any CPU
		{4D86A7DE-626F-4564-A5C5-EE6F66C42F08}.Debug|x86.Build.0 = Debug|Any CPU
		{4D86A7DE-626F-4564-A5C5-EE6F66C42F08}.Release|Any CPU.ActiveCfg = Release|Any CPU
		{4D86A7DE-626F-4564-A5C5-EE6F66C42F08}.Release|Any CPU.Build.0 = Release|Any CPU
		{4D86A7DE-626F-4564-A5C5-EE6F66C42F08}.Release|x64.ActiveCfg = Release|Any CPU
		{4D86A7DE-626F-4564-A5C5-EE6F66C42F08}.Release|x64.Build.0 = Release|Any CPU
		{4D86A7DE-626F-4564-A5C5-EE6F66C42F08}.Release|x86.ActiveCfg = Release|Any CPU
		{4D86A7DE-626F-4564-A5C5-EE6F66C42F08}.Release|x86.Build.0 = Release|Any CPU
		{A131B211-E701-41C7-A46E-02F7C947C810}.Debug|Any CPU.ActiveCfg = Debug|Any CPU
		{A131B211-E701-41C7-A46E-02F7C947C810}.Debug|Any CPU.Build.0 = Debug|Any CPU
		{A131B211-E701-41C7-A46E-02F7C947C810}.Debug|x64.ActiveCfg = Debug|Any CPU
		{A131B211-E701-41C7-A46E-02F7C947C810}.Debug|x64.Build.0 = Debug|Any CPU
		{A131B211-E701-41C7-A46E-02F7C947C810}.Debug|x86.ActiveCfg = Debug|Any CPU
		{A131B211-E701-41C7-A46E-02F7C947C810}.Debug|x86.Build.0 = Debug|Any CPU
		{A131B211-E701-41C7-A46E-02F7C947C810}.Release|Any CPU.ActiveCfg = Release|Any CPU
		{A131B211-E701-41C7-A46E-02F7C947C810}.Release|Any CPU.Build.0 = Release|Any CPU
		{A131B211-E701-41C7-A46E-02F7C947C810}.Release|x64.ActiveCfg = Release|Any CPU
		{A131B211-E701-41C7-A46E-02F7C947C810}.Release|x64.Build.0 = Release|Any CPU
		{A131B211-E701-41C7-A46E-02F7C947C810}.Release|x86.ActiveCfg = Release|Any CPU
		{A131B211-E701-41C7-A46E-02F7C947C810}.Release|x86.Build.0 = Release|Any CPU
		{AA055FEA-1705-4316-A2E1-F9884B61638C}.Debug|Any CPU.ActiveCfg = Debug|Any CPU
		{AA055FEA-1705-4316-A2E1-F9884B61638C}.Debug|Any CPU.Build.0 = Debug|Any CPU
		{AA055FEA-1705-4316-A2E1-F9884B61638C}.Debug|x64.ActiveCfg = Debug|Any CPU
		{AA055FEA-1705-4316-A2E1-F9884B61638C}.Debug|x64.Build.0 = Debug|Any CPU
		{AA055FEA-1705-4316-A2E1-F9884B61638C}.Debug|x86.ActiveCfg = Debug|Any CPU
		{AA055FEA-1705-4316-A2E1-F9884B61638C}.Debug|x86.Build.0 = Debug|Any CPU
		{AA055FEA-1705-4316-A2E1-F9884B61638C}.Release|Any CPU.ActiveCfg = Release|Any CPU
		{AA055FEA-1705-4316-A2E1-F9884B61638C}.Release|Any CPU.Build.0 = Release|Any CPU
		{AA055FEA-1705-4316-A2E1-F9884B61638C}.Release|x64.ActiveCfg = Release|Any CPU
		{AA055FEA-1705-4316-A2E1-F9884B61638C}.Release|x64.Build.0 = Release|Any CPU
		{AA055FEA-1705-4316-A2E1-F9884B61638C}.Release|x86.ActiveCfg = Release|Any CPU
		{AA055FEA-1705-4316-A2E1-F9884B61638C}.Release|x86.Build.0 = Release|Any CPU
		{9B8B6FBD-6B0D-4754-96DF-F21A03FA2990}.Debug|Any CPU.ActiveCfg = Debug|Any CPU
		{9B8B6FBD-6B0D-4754-96DF-F21A03FA2990}.Debug|Any CPU.Build.0 = Debug|Any CPU
		{9B8B6FBD-6B0D-4754-96DF-F21A03FA2990}.Debug|x64.ActiveCfg = Debug|Any CPU
		{9B8B6FBD-6B0D-4754-96DF-F21A03FA2990}.Debug|x64.Build.0 = Debug|Any CPU
		{9B8B6FBD-6B0D-4754-96DF-F21A03FA2990}.Debug|x86.ActiveCfg = Debug|Any CPU
		{9B8B6FBD-6B0D-4754-96DF-F21A03FA2990}.Debug|x86.Build.0 = Debug|Any CPU
		{9B8B6FBD-6B0D-4754-96DF-F21A03FA2990}.Release|Any CPU.ActiveCfg = Release|Any CPU
		{9B8B6FBD-6B0D-4754-96DF-F21A03FA2990}.Release|Any CPU.Build.0 = Release|Any CPU
		{9B8B6FBD-6B0D-4754-96DF-F21A03FA2990}.Release|x64.ActiveCfg = Release|Any CPU
		{9B8B6FBD-6B0D-4754-96DF-F21A03FA2990}.Release|x64.Build.0 = Release|Any CPU
		{9B8B6FBD-6B0D-4754-96DF-F21A03FA2990}.Release|x86.ActiveCfg = Release|Any CPU
		{9B8B6FBD-6B0D-4754-96DF-F21A03FA2990}.Release|x86.Build.0 = Release|Any CPU
		{59AC6B61-C76D-48EA-B48E-3A18ECB3076E}.Debug|Any CPU.ActiveCfg = Debug|Any CPU
		{59AC6B61-C76D-48EA-B48E-3A18ECB3076E}.Debug|Any CPU.Build.0 = Debug|Any CPU
		{59AC6B61-C76D-48EA-B48E-3A18ECB3076E}.Debug|x64.ActiveCfg = Debug|Any CPU
		{59AC6B61-C76D-48EA-B48E-3A18ECB3076E}.Debug|x64.Build.0 = Debug|Any CPU
		{59AC6B61-C76D-48EA-B48E-3A18ECB3076E}.Debug|x86.ActiveCfg = Debug|Any CPU
		{59AC6B61-C76D-48EA-B48E-3A18ECB3076E}.Debug|x86.Build.0 = Debug|Any CPU
		{59AC6B61-C76D-48EA-B48E-3A18ECB3076E}.Release|Any CPU.ActiveCfg = Release|Any CPU
		{59AC6B61-C76D-48EA-B48E-3A18ECB3076E}.Release|Any CPU.Build.0 = Release|Any CPU
		{59AC6B61-C76D-48EA-B48E-3A18ECB3076E}.Release|x64.ActiveCfg = Release|Any CPU
		{59AC6B61-C76D-48EA-B48E-3A18ECB3076E}.Release|x64.Build.0 = Release|Any CPU
		{59AC6B61-C76D-48EA-B48E-3A18ECB3076E}.Release|x86.ActiveCfg = Release|Any CPU
		{59AC6B61-C76D-48EA-B48E-3A18ECB3076E}.Release|x86.Build.0 = Release|Any CPU
		{197A745D-872A-47B2-A130-450E78507E96}.Debug|Any CPU.ActiveCfg = Debug|Any CPU
		{197A745D-872A-47B2-A130-450E78507E96}.Debug|Any CPU.Build.0 = Debug|Any CPU
		{197A745D-872A-47B2-A130-450E78507E96}.Debug|x64.ActiveCfg = Debug|Any CPU
		{197A745D-872A-47B2-A130-450E78507E96}.Debug|x64.Build.0 = Debug|Any CPU
		{197A745D-872A-47B2-A130-450E78507E96}.Debug|x86.ActiveCfg = Debug|Any CPU
		{197A745D-872A-47B2-A130-450E78507E96}.Debug|x86.Build.0 = Debug|Any CPU
		{197A745D-872A-47B2-A130-450E78507E96}.Release|Any CPU.ActiveCfg = Release|Any CPU
		{197A745D-872A-47B2-A130-450E78507E96}.Release|Any CPU.Build.0 = Release|Any CPU
		{197A745D-872A-47B2-A130-450E78507E96}.Release|x64.ActiveCfg = Release|Any CPU
		{197A745D-872A-47B2-A130-450E78507E96}.Release|x64.Build.0 = Release|Any CPU
		{197A745D-872A-47B2-A130-450E78507E96}.Release|x86.ActiveCfg = Release|Any CPU
		{197A745D-872A-47B2-A130-450E78507E96}.Release|x86.Build.0 = Release|Any CPU
		{F2C6EA83-D891-44C5-A877-005D475E3592}.Debug|Any CPU.ActiveCfg = Debug|Any CPU
		{F2C6EA83-D891-44C5-A877-005D475E3592}.Debug|Any CPU.Build.0 = Debug|Any CPU
		{F2C6EA83-D891-44C5-A877-005D475E3592}.Debug|x64.ActiveCfg = Debug|Any CPU
		{F2C6EA83-D891-44C5-A877-005D475E3592}.Debug|x64.Build.0 = Debug|Any CPU
		{F2C6EA83-D891-44C5-A877-005D475E3592}.Debug|x86.ActiveCfg = Debug|Any CPU
		{F2C6EA83-D891-44C5-A877-005D475E3592}.Debug|x86.Build.0 = Debug|Any CPU
		{F2C6EA83-D891-44C5-A877-005D475E3592}.Release|Any CPU.ActiveCfg = Release|Any CPU
		{F2C6EA83-D891-44C5-A877-005D475E3592}.Release|Any CPU.Build.0 = Release|Any CPU
		{F2C6EA83-D891-44C5-A877-005D475E3592}.Release|x64.ActiveCfg = Release|Any CPU
		{F2C6EA83-D891-44C5-A877-005D475E3592}.Release|x64.Build.0 = Release|Any CPU
		{F2C6EA83-D891-44C5-A877-005D475E3592}.Release|x86.ActiveCfg = Release|Any CPU
		{F2C6EA83-D891-44C5-A877-005D475E3592}.Release|x86.Build.0 = Release|Any CPU
		{16ACD243-31FD-4F4B-B155-5419889A741C}.Debug|Any CPU.ActiveCfg = Debug|Any CPU
		{16ACD243-31FD-4F4B-B155-5419889A741C}.Debug|Any CPU.Build.0 = Debug|Any CPU
		{16ACD243-31FD-4F4B-B155-5419889A741C}.Debug|x64.ActiveCfg = Debug|Any CPU
		{16ACD243-31FD-4F4B-B155-5419889A741C}.Debug|x64.Build.0 = Debug|Any CPU
		{16ACD243-31FD-4F4B-B155-5419889A741C}.Debug|x86.ActiveCfg = Debug|Any CPU
		{16ACD243-31FD-4F4B-B155-5419889A741C}.Debug|x86.Build.0 = Debug|Any CPU
		{16ACD243-31FD-4F4B-B155-5419889A741C}.Release|Any CPU.ActiveCfg = Release|Any CPU
		{16ACD243-31FD-4F4B-B155-5419889A741C}.Release|Any CPU.Build.0 = Release|Any CPU
		{16ACD243-31FD-4F4B-B155-5419889A741C}.Release|x64.ActiveCfg = Release|Any CPU
		{16ACD243-31FD-4F4B-B155-5419889A741C}.Release|x64.Build.0 = Release|Any CPU
		{16ACD243-31FD-4F4B-B155-5419889A741C}.Release|x86.ActiveCfg = Release|Any CPU
		{16ACD243-31FD-4F4B-B155-5419889A741C}.Release|x86.Build.0 = Release|Any CPU
		{BA863EAF-563A-4699-82A4-7FD7EEF91DA3}.Debug|Any CPU.ActiveCfg = Debug|Any CPU
		{BA863EAF-563A-4699-82A4-7FD7EEF91DA3}.Debug|Any CPU.Build.0 = Debug|Any CPU
		{BA863EAF-563A-4699-82A4-7FD7EEF91DA3}.Debug|x64.ActiveCfg = Debug|Any CPU
		{BA863EAF-563A-4699-82A4-7FD7EEF91DA3}.Debug|x64.Build.0 = Debug|Any CPU
		{BA863EAF-563A-4699-82A4-7FD7EEF91DA3}.Debug|x86.ActiveCfg = Debug|Any CPU
		{BA863EAF-563A-4699-82A4-7FD7EEF91DA3}.Debug|x86.Build.0 = Debug|Any CPU
		{BA863EAF-563A-4699-82A4-7FD7EEF91DA3}.Release|Any CPU.ActiveCfg = Release|Any CPU
		{BA863EAF-563A-4699-82A4-7FD7EEF91DA3}.Release|Any CPU.Build.0 = Release|Any CPU
		{BA863EAF-563A-4699-82A4-7FD7EEF91DA3}.Release|x64.ActiveCfg = Release|Any CPU
		{BA863EAF-563A-4699-82A4-7FD7EEF91DA3}.Release|x64.Build.0 = Release|Any CPU
		{BA863EAF-563A-4699-82A4-7FD7EEF91DA3}.Release|x86.ActiveCfg = Release|Any CPU
		{BA863EAF-563A-4699-82A4-7FD7EEF91DA3}.Release|x86.Build.0 = Release|Any CPU
		{F9ADB11E-CCDE-4125-8CD9-D9A98EFE6101}.Debug|Any CPU.ActiveCfg = Debug|Any CPU
		{F9ADB11E-CCDE-4125-8CD9-D9A98EFE6101}.Debug|Any CPU.Build.0 = Debug|Any CPU
		{F9ADB11E-CCDE-4125-8CD9-D9A98EFE6101}.Debug|x64.ActiveCfg = Debug|Any CPU
		{F9ADB11E-CCDE-4125-8CD9-D9A98EFE6101}.Debug|x64.Build.0 = Debug|Any CPU
		{F9ADB11E-CCDE-4125-8CD9-D9A98EFE6101}.Debug|x86.ActiveCfg = Debug|Any CPU
		{F9ADB11E-CCDE-4125-8CD9-D9A98EFE6101}.Debug|x86.Build.0 = Debug|Any CPU
		{F9ADB11E-CCDE-4125-8CD9-D9A98EFE6101}.Release|Any CPU.ActiveCfg = Release|Any CPU
		{F9ADB11E-CCDE-4125-8CD9-D9A98EFE6101}.Release|Any CPU.Build.0 = Release|Any CPU
		{F9ADB11E-CCDE-4125-8CD9-D9A98EFE6101}.Release|x64.ActiveCfg = Release|Any CPU
		{F9ADB11E-CCDE-4125-8CD9-D9A98EFE6101}.Release|x64.Build.0 = Release|Any CPU
		{F9ADB11E-CCDE-4125-8CD9-D9A98EFE6101}.Release|x86.ActiveCfg = Release|Any CPU
		{F9ADB11E-CCDE-4125-8CD9-D9A98EFE6101}.Release|x86.Build.0 = Release|Any CPU
		{B8F0948A-5AB1-4D26-9F06-31A198EA282E}.Debug|Any CPU.ActiveCfg = Debug|Any CPU
		{B8F0948A-5AB1-4D26-9F06-31A198EA282E}.Debug|Any CPU.Build.0 = Debug|Any CPU
		{B8F0948A-5AB1-4D26-9F06-31A198EA282E}.Debug|x64.ActiveCfg = Debug|Any CPU
		{B8F0948A-5AB1-4D26-9F06-31A198EA282E}.Debug|x64.Build.0 = Debug|Any CPU
		{B8F0948A-5AB1-4D26-9F06-31A198EA282E}.Debug|x86.ActiveCfg = Debug|Any CPU
		{B8F0948A-5AB1-4D26-9F06-31A198EA282E}.Debug|x86.Build.0 = Debug|Any CPU
		{B8F0948A-5AB1-4D26-9F06-31A198EA282E}.Release|Any CPU.ActiveCfg = Release|Any CPU
		{B8F0948A-5AB1-4D26-9F06-31A198EA282E}.Release|Any CPU.Build.0 = Release|Any CPU
		{B8F0948A-5AB1-4D26-9F06-31A198EA282E}.Release|x64.ActiveCfg = Release|Any CPU
		{B8F0948A-5AB1-4D26-9F06-31A198EA282E}.Release|x64.Build.0 = Release|Any CPU
		{B8F0948A-5AB1-4D26-9F06-31A198EA282E}.Release|x86.ActiveCfg = Release|Any CPU
		{B8F0948A-5AB1-4D26-9F06-31A198EA282E}.Release|x86.Build.0 = Release|Any CPU
		{C4B64F8C-5E1D-40BF-8C4D-59D7A07EC898}.Debug|Any CPU.ActiveCfg = Debug|Any CPU
		{C4B64F8C-5E1D-40BF-8C4D-59D7A07EC898}.Debug|Any CPU.Build.0 = Debug|Any CPU
		{C4B64F8C-5E1D-40BF-8C4D-59D7A07EC898}.Debug|x64.ActiveCfg = Debug|Any CPU
		{C4B64F8C-5E1D-40BF-8C4D-59D7A07EC898}.Debug|x64.Build.0 = Debug|Any CPU
		{C4B64F8C-5E1D-40BF-8C4D-59D7A07EC898}.Debug|x86.ActiveCfg = Debug|Any CPU
		{C4B64F8C-5E1D-40BF-8C4D-59D7A07EC898}.Debug|x86.Build.0 = Debug|Any CPU
		{C4B64F8C-5E1D-40BF-8C4D-59D7A07EC898}.Release|Any CPU.ActiveCfg = Release|Any CPU
		{C4B64F8C-5E1D-40BF-8C4D-59D7A07EC898}.Release|Any CPU.Build.0 = Release|Any CPU
		{C4B64F8C-5E1D-40BF-8C4D-59D7A07EC898}.Release|x64.ActiveCfg = Release|Any CPU
		{C4B64F8C-5E1D-40BF-8C4D-59D7A07EC898}.Release|x64.Build.0 = Release|Any CPU
		{C4B64F8C-5E1D-40BF-8C4D-59D7A07EC898}.Release|x86.ActiveCfg = Release|Any CPU
		{C4B64F8C-5E1D-40BF-8C4D-59D7A07EC898}.Release|x86.Build.0 = Release|Any CPU
		{E91C8895-6CF2-4382-A5B3-E9911F183B8B}.Debug|Any CPU.ActiveCfg = Debug|Any CPU
		{E91C8895-6CF2-4382-A5B3-E9911F183B8B}.Debug|Any CPU.Build.0 = Debug|Any CPU
		{E91C8895-6CF2-4382-A5B3-E9911F183B8B}.Debug|x64.ActiveCfg = Debug|Any CPU
		{E91C8895-6CF2-4382-A5B3-E9911F183B8B}.Debug|x64.Build.0 = Debug|Any CPU
		{E91C8895-6CF2-4382-A5B3-E9911F183B8B}.Debug|x86.ActiveCfg = Debug|Any CPU
		{E91C8895-6CF2-4382-A5B3-E9911F183B8B}.Debug|x86.Build.0 = Debug|Any CPU
		{E91C8895-6CF2-4382-A5B3-E9911F183B8B}.Release|Any CPU.ActiveCfg = Release|Any CPU
		{E91C8895-6CF2-4382-A5B3-E9911F183B8B}.Release|Any CPU.Build.0 = Release|Any CPU
		{E91C8895-6CF2-4382-A5B3-E9911F183B8B}.Release|x64.ActiveCfg = Release|Any CPU
		{E91C8895-6CF2-4382-A5B3-E9911F183B8B}.Release|x64.Build.0 = Release|Any CPU
		{E91C8895-6CF2-4382-A5B3-E9911F183B8B}.Release|x86.ActiveCfg = Release|Any CPU
		{E91C8895-6CF2-4382-A5B3-E9911F183B8B}.Release|x86.Build.0 = Release|Any CPU
		{7EA22FF0-7537-4EBE-BC24-AAC035AB0AE0}.Debug|Any CPU.ActiveCfg = Debug|Any CPU
		{7EA22FF0-7537-4EBE-BC24-AAC035AB0AE0}.Debug|Any CPU.Build.0 = Debug|Any CPU
		{7EA22FF0-7537-4EBE-BC24-AAC035AB0AE0}.Debug|x64.ActiveCfg = Debug|Any CPU
		{7EA22FF0-7537-4EBE-BC24-AAC035AB0AE0}.Debug|x64.Build.0 = Debug|Any CPU
		{7EA22FF0-7537-4EBE-BC24-AAC035AB0AE0}.Debug|x86.ActiveCfg = Debug|Any CPU
		{7EA22FF0-7537-4EBE-BC24-AAC035AB0AE0}.Debug|x86.Build.0 = Debug|Any CPU
		{7EA22FF0-7537-4EBE-BC24-AAC035AB0AE0}.Release|Any CPU.ActiveCfg = Release|Any CPU
		{7EA22FF0-7537-4EBE-BC24-AAC035AB0AE0}.Release|Any CPU.Build.0 = Release|Any CPU
		{7EA22FF0-7537-4EBE-BC24-AAC035AB0AE0}.Release|x64.ActiveCfg = Release|Any CPU
		{7EA22FF0-7537-4EBE-BC24-AAC035AB0AE0}.Release|x64.Build.0 = Release|Any CPU
		{7EA22FF0-7537-4EBE-BC24-AAC035AB0AE0}.Release|x86.ActiveCfg = Release|Any CPU
		{7EA22FF0-7537-4EBE-BC24-AAC035AB0AE0}.Release|x86.Build.0 = Release|Any CPU
		{91D8E8A6-777C-4A7D-9175-C316CBB4A434}.Debug|Any CPU.ActiveCfg = Debug|Any CPU
		{91D8E8A6-777C-4A7D-9175-C316CBB4A434}.Debug|Any CPU.Build.0 = Debug|Any CPU
		{91D8E8A6-777C-4A7D-9175-C316CBB4A434}.Debug|x64.ActiveCfg = Debug|Any CPU
		{91D8E8A6-777C-4A7D-9175-C316CBB4A434}.Debug|x64.Build.0 = Debug|Any CPU
		{91D8E8A6-777C-4A7D-9175-C316CBB4A434}.Debug|x86.ActiveCfg = Debug|Any CPU
		{91D8E8A6-777C-4A7D-9175-C316CBB4A434}.Debug|x86.Build.0 = Debug|Any CPU
		{91D8E8A6-777C-4A7D-9175-C316CBB4A434}.Release|Any CPU.ActiveCfg = Release|Any CPU
		{91D8E8A6-777C-4A7D-9175-C316CBB4A434}.Release|Any CPU.Build.0 = Release|Any CPU
		{91D8E8A6-777C-4A7D-9175-C316CBB4A434}.Release|x64.ActiveCfg = Release|Any CPU
		{91D8E8A6-777C-4A7D-9175-C316CBB4A434}.Release|x64.Build.0 = Release|Any CPU
		{91D8E8A6-777C-4A7D-9175-C316CBB4A434}.Release|x86.ActiveCfg = Release|Any CPU
		{91D8E8A6-777C-4A7D-9175-C316CBB4A434}.Release|x86.Build.0 = Release|Any CPU
		{22EDB454-14B6-4E93-A448-3D5083C676D4}.Debug|Any CPU.ActiveCfg = Debug|Any CPU
		{22EDB454-14B6-4E93-A448-3D5083C676D4}.Debug|Any CPU.Build.0 = Debug|Any CPU
		{22EDB454-14B6-4E93-A448-3D5083C676D4}.Debug|x64.ActiveCfg = Debug|Any CPU
		{22EDB454-14B6-4E93-A448-3D5083C676D4}.Debug|x64.Build.0 = Debug|Any CPU
		{22EDB454-14B6-4E93-A448-3D5083C676D4}.Debug|x86.ActiveCfg = Debug|Any CPU
		{22EDB454-14B6-4E93-A448-3D5083C676D4}.Debug|x86.Build.0 = Debug|Any CPU
		{22EDB454-14B6-4E93-A448-3D5083C676D4}.Release|Any CPU.ActiveCfg = Release|Any CPU
		{22EDB454-14B6-4E93-A448-3D5083C676D4}.Release|Any CPU.Build.0 = Release|Any CPU
		{22EDB454-14B6-4E93-A448-3D5083C676D4}.Release|x64.ActiveCfg = Release|Any CPU
		{22EDB454-14B6-4E93-A448-3D5083C676D4}.Release|x64.Build.0 = Release|Any CPU
		{22EDB454-14B6-4E93-A448-3D5083C676D4}.Release|x86.ActiveCfg = Release|Any CPU
		{22EDB454-14B6-4E93-A448-3D5083C676D4}.Release|x86.Build.0 = Release|Any CPU
		{B3AB1601-3026-48CA-87DB-BD7C91A0D6C6}.Debug|Any CPU.ActiveCfg = Debug|Any CPU
		{B3AB1601-3026-48CA-87DB-BD7C91A0D6C6}.Debug|Any CPU.Build.0 = Debug|Any CPU
		{B3AB1601-3026-48CA-87DB-BD7C91A0D6C6}.Debug|x64.ActiveCfg = Debug|Any CPU
		{B3AB1601-3026-48CA-87DB-BD7C91A0D6C6}.Debug|x64.Build.0 = Debug|Any CPU
		{B3AB1601-3026-48CA-87DB-BD7C91A0D6C6}.Debug|x86.ActiveCfg = Debug|Any CPU
		{B3AB1601-3026-48CA-87DB-BD7C91A0D6C6}.Debug|x86.Build.0 = Debug|Any CPU
		{B3AB1601-3026-48CA-87DB-BD7C91A0D6C6}.Release|Any CPU.ActiveCfg = Release|Any CPU
		{B3AB1601-3026-48CA-87DB-BD7C91A0D6C6}.Release|Any CPU.Build.0 = Release|Any CPU
		{B3AB1601-3026-48CA-87DB-BD7C91A0D6C6}.Release|x64.ActiveCfg = Release|Any CPU
		{B3AB1601-3026-48CA-87DB-BD7C91A0D6C6}.Release|x64.Build.0 = Release|Any CPU
		{B3AB1601-3026-48CA-87DB-BD7C91A0D6C6}.Release|x86.ActiveCfg = Release|Any CPU
		{B3AB1601-3026-48CA-87DB-BD7C91A0D6C6}.Release|x86.Build.0 = Release|Any CPU
		{04632E69-7AB7-4525-ADEF-ECEF0FE0516C}.Debug|Any CPU.ActiveCfg = Debug|Any CPU
		{04632E69-7AB7-4525-ADEF-ECEF0FE0516C}.Debug|Any CPU.Build.0 = Debug|Any CPU
		{04632E69-7AB7-4525-ADEF-ECEF0FE0516C}.Debug|x64.ActiveCfg = Debug|Any CPU
		{04632E69-7AB7-4525-ADEF-ECEF0FE0516C}.Debug|x64.Build.0 = Debug|Any CPU
		{04632E69-7AB7-4525-ADEF-ECEF0FE0516C}.Debug|x86.ActiveCfg = Debug|Any CPU
		{04632E69-7AB7-4525-ADEF-ECEF0FE0516C}.Debug|x86.Build.0 = Debug|Any CPU
		{04632E69-7AB7-4525-ADEF-ECEF0FE0516C}.Release|Any CPU.ActiveCfg = Release|Any CPU
		{04632E69-7AB7-4525-ADEF-ECEF0FE0516C}.Release|Any CPU.Build.0 = Release|Any CPU
		{04632E69-7AB7-4525-ADEF-ECEF0FE0516C}.Release|x64.ActiveCfg = Release|Any CPU
		{04632E69-7AB7-4525-ADEF-ECEF0FE0516C}.Release|x64.Build.0 = Release|Any CPU
		{04632E69-7AB7-4525-ADEF-ECEF0FE0516C}.Release|x86.ActiveCfg = Release|Any CPU
		{04632E69-7AB7-4525-ADEF-ECEF0FE0516C}.Release|x86.Build.0 = Release|Any CPU
		{2AB5E135-6CC6-4432-AA14-4C6D5052B0D7}.Debug|Any CPU.ActiveCfg = Debug|Any CPU
		{2AB5E135-6CC6-4432-AA14-4C6D5052B0D7}.Debug|Any CPU.Build.0 = Debug|Any CPU
		{2AB5E135-6CC6-4432-AA14-4C6D5052B0D7}.Debug|x64.ActiveCfg = Debug|Any CPU
		{2AB5E135-6CC6-4432-AA14-4C6D5052B0D7}.Debug|x64.Build.0 = Debug|Any CPU
		{2AB5E135-6CC6-4432-AA14-4C6D5052B0D7}.Debug|x86.ActiveCfg = Debug|Any CPU
		{2AB5E135-6CC6-4432-AA14-4C6D5052B0D7}.Debug|x86.Build.0 = Debug|Any CPU
		{2AB5E135-6CC6-4432-AA14-4C6D5052B0D7}.Release|Any CPU.ActiveCfg = Release|Any CPU
		{2AB5E135-6CC6-4432-AA14-4C6D5052B0D7}.Release|Any CPU.Build.0 = Release|Any CPU
		{2AB5E135-6CC6-4432-AA14-4C6D5052B0D7}.Release|x64.ActiveCfg = Release|Any CPU
		{2AB5E135-6CC6-4432-AA14-4C6D5052B0D7}.Release|x64.Build.0 = Release|Any CPU
		{2AB5E135-6CC6-4432-AA14-4C6D5052B0D7}.Release|x86.ActiveCfg = Release|Any CPU
		{2AB5E135-6CC6-4432-AA14-4C6D5052B0D7}.Release|x86.Build.0 = Release|Any CPU
		{1682B68D-7AE8-4687-BE32-3D5924D4DEBB}.Debug|Any CPU.ActiveCfg = Debug|Any CPU
		{1682B68D-7AE8-4687-BE32-3D5924D4DEBB}.Debug|Any CPU.Build.0 = Debug|Any CPU
		{1682B68D-7AE8-4687-BE32-3D5924D4DEBB}.Debug|x64.ActiveCfg = Debug|Any CPU
		{1682B68D-7AE8-4687-BE32-3D5924D4DEBB}.Debug|x64.Build.0 = Debug|Any CPU
		{1682B68D-7AE8-4687-BE32-3D5924D4DEBB}.Debug|x86.ActiveCfg = Debug|Any CPU
		{1682B68D-7AE8-4687-BE32-3D5924D4DEBB}.Debug|x86.Build.0 = Debug|Any CPU
		{1682B68D-7AE8-4687-BE32-3D5924D4DEBB}.Release|Any CPU.ActiveCfg = Release|Any CPU
		{1682B68D-7AE8-4687-BE32-3D5924D4DEBB}.Release|Any CPU.Build.0 = Release|Any CPU
		{1682B68D-7AE8-4687-BE32-3D5924D4DEBB}.Release|x64.ActiveCfg = Release|Any CPU
		{1682B68D-7AE8-4687-BE32-3D5924D4DEBB}.Release|x64.Build.0 = Release|Any CPU
		{1682B68D-7AE8-4687-BE32-3D5924D4DEBB}.Release|x86.ActiveCfg = Release|Any CPU
		{1682B68D-7AE8-4687-BE32-3D5924D4DEBB}.Release|x86.Build.0 = Release|Any CPU
		{B6CE267B-FB14-45BA-AB4C-54D024E81361}.Debug|Any CPU.ActiveCfg = Debug|Any CPU
		{B6CE267B-FB14-45BA-AB4C-54D024E81361}.Debug|Any CPU.Build.0 = Debug|Any CPU
		{B6CE267B-FB14-45BA-AB4C-54D024E81361}.Debug|x64.ActiveCfg = Debug|Any CPU
		{B6CE267B-FB14-45BA-AB4C-54D024E81361}.Debug|x64.Build.0 = Debug|Any CPU
		{B6CE267B-FB14-45BA-AB4C-54D024E81361}.Debug|x86.ActiveCfg = Debug|Any CPU
		{B6CE267B-FB14-45BA-AB4C-54D024E81361}.Debug|x86.Build.0 = Debug|Any CPU
		{B6CE267B-FB14-45BA-AB4C-54D024E81361}.Release|Any CPU.ActiveCfg = Release|Any CPU
		{B6CE267B-FB14-45BA-AB4C-54D024E81361}.Release|Any CPU.Build.0 = Release|Any CPU
		{B6CE267B-FB14-45BA-AB4C-54D024E81361}.Release|x64.ActiveCfg = Release|Any CPU
		{B6CE267B-FB14-45BA-AB4C-54D024E81361}.Release|x64.Build.0 = Release|Any CPU
		{B6CE267B-FB14-45BA-AB4C-54D024E81361}.Release|x86.ActiveCfg = Release|Any CPU
		{B6CE267B-FB14-45BA-AB4C-54D024E81361}.Release|x86.Build.0 = Release|Any CPU
		{9A1DD2A1-BDC4-4A88-B846-CDE103299E46}.Debug|Any CPU.ActiveCfg = Debug|Any CPU
		{9A1DD2A1-BDC4-4A88-B846-CDE103299E46}.Debug|Any CPU.Build.0 = Debug|Any CPU
		{9A1DD2A1-BDC4-4A88-B846-CDE103299E46}.Debug|x64.ActiveCfg = Debug|Any CPU
		{9A1DD2A1-BDC4-4A88-B846-CDE103299E46}.Debug|x64.Build.0 = Debug|Any CPU
		{9A1DD2A1-BDC4-4A88-B846-CDE103299E46}.Debug|x86.ActiveCfg = Debug|Any CPU
		{9A1DD2A1-BDC4-4A88-B846-CDE103299E46}.Debug|x86.Build.0 = Debug|Any CPU
		{9A1DD2A1-BDC4-4A88-B846-CDE103299E46}.Release|Any CPU.ActiveCfg = Release|Any CPU
		{9A1DD2A1-BDC4-4A88-B846-CDE103299E46}.Release|Any CPU.Build.0 = Release|Any CPU
		{9A1DD2A1-BDC4-4A88-B846-CDE103299E46}.Release|x64.ActiveCfg = Release|Any CPU
		{9A1DD2A1-BDC4-4A88-B846-CDE103299E46}.Release|x64.Build.0 = Release|Any CPU
		{9A1DD2A1-BDC4-4A88-B846-CDE103299E46}.Release|x86.ActiveCfg = Release|Any CPU
		{9A1DD2A1-BDC4-4A88-B846-CDE103299E46}.Release|x86.Build.0 = Release|Any CPU
		{753692E9-01DB-412B-9F83-5E53AE7459BD}.Debug|Any CPU.ActiveCfg = Debug|Any CPU
		{753692E9-01DB-412B-9F83-5E53AE7459BD}.Debug|Any CPU.Build.0 = Debug|Any CPU
		{753692E9-01DB-412B-9F83-5E53AE7459BD}.Debug|x64.ActiveCfg = Debug|Any CPU
		{753692E9-01DB-412B-9F83-5E53AE7459BD}.Debug|x64.Build.0 = Debug|Any CPU
		{753692E9-01DB-412B-9F83-5E53AE7459BD}.Debug|x86.ActiveCfg = Debug|Any CPU
		{753692E9-01DB-412B-9F83-5E53AE7459BD}.Debug|x86.Build.0 = Debug|Any CPU
		{753692E9-01DB-412B-9F83-5E53AE7459BD}.Release|Any CPU.ActiveCfg = Release|Any CPU
		{753692E9-01DB-412B-9F83-5E53AE7459BD}.Release|Any CPU.Build.0 = Release|Any CPU
		{753692E9-01DB-412B-9F83-5E53AE7459BD}.Release|x64.ActiveCfg = Release|Any CPU
		{753692E9-01DB-412B-9F83-5E53AE7459BD}.Release|x64.Build.0 = Release|Any CPU
		{753692E9-01DB-412B-9F83-5E53AE7459BD}.Release|x86.ActiveCfg = Release|Any CPU
		{753692E9-01DB-412B-9F83-5E53AE7459BD}.Release|x86.Build.0 = Release|Any CPU
		{E18BA40A-04AD-4221-B38C-6E49C54F4126}.Debug|Any CPU.ActiveCfg = Debug|Any CPU
		{E18BA40A-04AD-4221-B38C-6E49C54F4126}.Debug|Any CPU.Build.0 = Debug|Any CPU
		{E18BA40A-04AD-4221-B38C-6E49C54F4126}.Debug|x64.ActiveCfg = Debug|Any CPU
		{E18BA40A-04AD-4221-B38C-6E49C54F4126}.Debug|x64.Build.0 = Debug|Any CPU
		{E18BA40A-04AD-4221-B38C-6E49C54F4126}.Debug|x86.ActiveCfg = Debug|Any CPU
		{E18BA40A-04AD-4221-B38C-6E49C54F4126}.Debug|x86.Build.0 = Debug|Any CPU
		{E18BA40A-04AD-4221-B38C-6E49C54F4126}.Release|Any CPU.ActiveCfg = Release|Any CPU
		{E18BA40A-04AD-4221-B38C-6E49C54F4126}.Release|Any CPU.Build.0 = Release|Any CPU
		{E18BA40A-04AD-4221-B38C-6E49C54F4126}.Release|x64.ActiveCfg = Release|Any CPU
		{E18BA40A-04AD-4221-B38C-6E49C54F4126}.Release|x64.Build.0 = Release|Any CPU
		{E18BA40A-04AD-4221-B38C-6E49C54F4126}.Release|x86.ActiveCfg = Release|Any CPU
		{E18BA40A-04AD-4221-B38C-6E49C54F4126}.Release|x86.Build.0 = Release|Any CPU
		{30CC2EBC-542B-4BBE-B5EC-8BEE6DF0AE0A}.Debug|Any CPU.ActiveCfg = Debug|Any CPU
		{30CC2EBC-542B-4BBE-B5EC-8BEE6DF0AE0A}.Debug|Any CPU.Build.0 = Debug|Any CPU
		{30CC2EBC-542B-4BBE-B5EC-8BEE6DF0AE0A}.Debug|x64.ActiveCfg = Debug|Any CPU
		{30CC2EBC-542B-4BBE-B5EC-8BEE6DF0AE0A}.Debug|x64.Build.0 = Debug|Any CPU
		{30CC2EBC-542B-4BBE-B5EC-8BEE6DF0AE0A}.Debug|x86.ActiveCfg = Debug|Any CPU
		{30CC2EBC-542B-4BBE-B5EC-8BEE6DF0AE0A}.Debug|x86.Build.0 = Debug|Any CPU
		{30CC2EBC-542B-4BBE-B5EC-8BEE6DF0AE0A}.Release|Any CPU.ActiveCfg = Release|Any CPU
		{30CC2EBC-542B-4BBE-B5EC-8BEE6DF0AE0A}.Release|Any CPU.Build.0 = Release|Any CPU
		{30CC2EBC-542B-4BBE-B5EC-8BEE6DF0AE0A}.Release|x64.ActiveCfg = Release|Any CPU
		{30CC2EBC-542B-4BBE-B5EC-8BEE6DF0AE0A}.Release|x64.Build.0 = Release|Any CPU
		{30CC2EBC-542B-4BBE-B5EC-8BEE6DF0AE0A}.Release|x86.ActiveCfg = Release|Any CPU
		{30CC2EBC-542B-4BBE-B5EC-8BEE6DF0AE0A}.Release|x86.Build.0 = Release|Any CPU
		{FFB61390-E19D-4079-A037-B18E36447699}.Debug|Any CPU.ActiveCfg = Debug|Any CPU
		{FFB61390-E19D-4079-A037-B18E36447699}.Debug|Any CPU.Build.0 = Debug|Any CPU
		{FFB61390-E19D-4079-A037-B18E36447699}.Debug|x64.ActiveCfg = Debug|Any CPU
		{FFB61390-E19D-4079-A037-B18E36447699}.Debug|x64.Build.0 = Debug|Any CPU
		{FFB61390-E19D-4079-A037-B18E36447699}.Debug|x86.ActiveCfg = Debug|Any CPU
		{FFB61390-E19D-4079-A037-B18E36447699}.Debug|x86.Build.0 = Debug|Any CPU
		{FFB61390-E19D-4079-A037-B18E36447699}.Release|Any CPU.ActiveCfg = Release|Any CPU
		{FFB61390-E19D-4079-A037-B18E36447699}.Release|Any CPU.Build.0 = Release|Any CPU
		{FFB61390-E19D-4079-A037-B18E36447699}.Release|x64.ActiveCfg = Release|Any CPU
		{FFB61390-E19D-4079-A037-B18E36447699}.Release|x64.Build.0 = Release|Any CPU
		{FFB61390-E19D-4079-A037-B18E36447699}.Release|x86.ActiveCfg = Release|Any CPU
		{FFB61390-E19D-4079-A037-B18E36447699}.Release|x86.Build.0 = Release|Any CPU
		{991039F1-F422-48DE-9FAF-5A514765CF56}.Debug|Any CPU.ActiveCfg = Debug|Any CPU
		{991039F1-F422-48DE-9FAF-5A514765CF56}.Debug|Any CPU.Build.0 = Debug|Any CPU
		{991039F1-F422-48DE-9FAF-5A514765CF56}.Debug|x64.ActiveCfg = Debug|Any CPU
		{991039F1-F422-48DE-9FAF-5A514765CF56}.Debug|x64.Build.0 = Debug|Any CPU
		{991039F1-F422-48DE-9FAF-5A514765CF56}.Debug|x86.ActiveCfg = Debug|Any CPU
		{991039F1-F422-48DE-9FAF-5A514765CF56}.Debug|x86.Build.0 = Debug|Any CPU
		{991039F1-F422-48DE-9FAF-5A514765CF56}.Release|Any CPU.ActiveCfg = Release|Any CPU
		{991039F1-F422-48DE-9FAF-5A514765CF56}.Release|Any CPU.Build.0 = Release|Any CPU
		{991039F1-F422-48DE-9FAF-5A514765CF56}.Release|x64.ActiveCfg = Release|Any CPU
		{991039F1-F422-48DE-9FAF-5A514765CF56}.Release|x64.Build.0 = Release|Any CPU
		{991039F1-F422-48DE-9FAF-5A514765CF56}.Release|x86.ActiveCfg = Release|Any CPU
		{991039F1-F422-48DE-9FAF-5A514765CF56}.Release|x86.Build.0 = Release|Any CPU
		{E8D9A385-2495-4773-8E03-394E865BA440}.Debug|Any CPU.ActiveCfg = Debug|Any CPU
		{E8D9A385-2495-4773-8E03-394E865BA440}.Debug|Any CPU.Build.0 = Debug|Any CPU
		{E8D9A385-2495-4773-8E03-394E865BA440}.Debug|x64.ActiveCfg = Debug|Any CPU
		{E8D9A385-2495-4773-8E03-394E865BA440}.Debug|x64.Build.0 = Debug|Any CPU
		{E8D9A385-2495-4773-8E03-394E865BA440}.Debug|x86.ActiveCfg = Debug|Any CPU
		{E8D9A385-2495-4773-8E03-394E865BA440}.Debug|x86.Build.0 = Debug|Any CPU
		{E8D9A385-2495-4773-8E03-394E865BA440}.Release|Any CPU.ActiveCfg = Release|Any CPU
		{E8D9A385-2495-4773-8E03-394E865BA440}.Release|Any CPU.Build.0 = Release|Any CPU
		{E8D9A385-2495-4773-8E03-394E865BA440}.Release|x64.ActiveCfg = Release|Any CPU
		{E8D9A385-2495-4773-8E03-394E865BA440}.Release|x64.Build.0 = Release|Any CPU
		{E8D9A385-2495-4773-8E03-394E865BA440}.Release|x86.ActiveCfg = Release|Any CPU
		{E8D9A385-2495-4773-8E03-394E865BA440}.Release|x86.Build.0 = Release|Any CPU
		{0A47F2FE-86EA-4276-9D1F-2501CDF369F3}.Debug|Any CPU.ActiveCfg = Debug|Any CPU
		{0A47F2FE-86EA-4276-9D1F-2501CDF369F3}.Debug|Any CPU.Build.0 = Debug|Any CPU
		{0A47F2FE-86EA-4276-9D1F-2501CDF369F3}.Debug|x64.ActiveCfg = Debug|Any CPU
		{0A47F2FE-86EA-4276-9D1F-2501CDF369F3}.Debug|x64.Build.0 = Debug|Any CPU
		{0A47F2FE-86EA-4276-9D1F-2501CDF369F3}.Debug|x86.ActiveCfg = Debug|Any CPU
		{0A47F2FE-86EA-4276-9D1F-2501CDF369F3}.Debug|x86.Build.0 = Debug|Any CPU
		{0A47F2FE-86EA-4276-9D1F-2501CDF369F3}.Release|Any CPU.ActiveCfg = Release|Any CPU
		{0A47F2FE-86EA-4276-9D1F-2501CDF369F3}.Release|Any CPU.Build.0 = Release|Any CPU
		{0A47F2FE-86EA-4276-9D1F-2501CDF369F3}.Release|x64.ActiveCfg = Release|Any CPU
		{0A47F2FE-86EA-4276-9D1F-2501CDF369F3}.Release|x64.Build.0 = Release|Any CPU
		{0A47F2FE-86EA-4276-9D1F-2501CDF369F3}.Release|x86.ActiveCfg = Release|Any CPU
		{0A47F2FE-86EA-4276-9D1F-2501CDF369F3}.Release|x86.Build.0 = Release|Any CPU
		{51BE0D8E-430C-485D-9EF8-3ED6BCF260BA}.Debug|Any CPU.ActiveCfg = Debug|Any CPU
		{51BE0D8E-430C-485D-9EF8-3ED6BCF260BA}.Debug|Any CPU.Build.0 = Debug|Any CPU
		{51BE0D8E-430C-485D-9EF8-3ED6BCF260BA}.Debug|x64.ActiveCfg = Debug|Any CPU
		{51BE0D8E-430C-485D-9EF8-3ED6BCF260BA}.Debug|x64.Build.0 = Debug|Any CPU
		{51BE0D8E-430C-485D-9EF8-3ED6BCF260BA}.Debug|x86.ActiveCfg = Debug|Any CPU
		{51BE0D8E-430C-485D-9EF8-3ED6BCF260BA}.Debug|x86.Build.0 = Debug|Any CPU
		{51BE0D8E-430C-485D-9EF8-3ED6BCF260BA}.Release|Any CPU.ActiveCfg = Release|Any CPU
		{51BE0D8E-430C-485D-9EF8-3ED6BCF260BA}.Release|Any CPU.Build.0 = Release|Any CPU
		{51BE0D8E-430C-485D-9EF8-3ED6BCF260BA}.Release|x64.ActiveCfg = Release|Any CPU
		{51BE0D8E-430C-485D-9EF8-3ED6BCF260BA}.Release|x64.Build.0 = Release|Any CPU
		{51BE0D8E-430C-485D-9EF8-3ED6BCF260BA}.Release|x86.ActiveCfg = Release|Any CPU
		{51BE0D8E-430C-485D-9EF8-3ED6BCF260BA}.Release|x86.Build.0 = Release|Any CPU
		{136E63BB-E41D-4939-BDF2-D7DA4952BF7B}.Debug|Any CPU.ActiveCfg = Debug|Any CPU
		{136E63BB-E41D-4939-BDF2-D7DA4952BF7B}.Debug|Any CPU.Build.0 = Debug|Any CPU
		{136E63BB-E41D-4939-BDF2-D7DA4952BF7B}.Debug|x64.ActiveCfg = Debug|Any CPU
		{136E63BB-E41D-4939-BDF2-D7DA4952BF7B}.Debug|x64.Build.0 = Debug|Any CPU
		{136E63BB-E41D-4939-BDF2-D7DA4952BF7B}.Debug|x86.ActiveCfg = Debug|Any CPU
		{136E63BB-E41D-4939-BDF2-D7DA4952BF7B}.Debug|x86.Build.0 = Debug|Any CPU
		{136E63BB-E41D-4939-BDF2-D7DA4952BF7B}.Release|Any CPU.ActiveCfg = Release|Any CPU
		{136E63BB-E41D-4939-BDF2-D7DA4952BF7B}.Release|Any CPU.Build.0 = Release|Any CPU
		{136E63BB-E41D-4939-BDF2-D7DA4952BF7B}.Release|x64.ActiveCfg = Release|Any CPU
		{136E63BB-E41D-4939-BDF2-D7DA4952BF7B}.Release|x64.Build.0 = Release|Any CPU
		{136E63BB-E41D-4939-BDF2-D7DA4952BF7B}.Release|x86.ActiveCfg = Release|Any CPU
		{136E63BB-E41D-4939-BDF2-D7DA4952BF7B}.Release|x86.Build.0 = Release|Any CPU
		{6981F347-FC9B-49BB-A825-4AF343640A3D}.Debug|Any CPU.ActiveCfg = Debug|Any CPU
		{6981F347-FC9B-49BB-A825-4AF343640A3D}.Debug|Any CPU.Build.0 = Debug|Any CPU
		{6981F347-FC9B-49BB-A825-4AF343640A3D}.Debug|x64.ActiveCfg = Debug|Any CPU
		{6981F347-FC9B-49BB-A825-4AF343640A3D}.Debug|x64.Build.0 = Debug|Any CPU
		{6981F347-FC9B-49BB-A825-4AF343640A3D}.Debug|x86.ActiveCfg = Debug|Any CPU
		{6981F347-FC9B-49BB-A825-4AF343640A3D}.Debug|x86.Build.0 = Debug|Any CPU
		{6981F347-FC9B-49BB-A825-4AF343640A3D}.Release|Any CPU.ActiveCfg = Release|Any CPU
		{6981F347-FC9B-49BB-A825-4AF343640A3D}.Release|Any CPU.Build.0 = Release|Any CPU
		{6981F347-FC9B-49BB-A825-4AF343640A3D}.Release|x64.ActiveCfg = Release|Any CPU
		{6981F347-FC9B-49BB-A825-4AF343640A3D}.Release|x64.Build.0 = Release|Any CPU
		{6981F347-FC9B-49BB-A825-4AF343640A3D}.Release|x86.ActiveCfg = Release|Any CPU
		{6981F347-FC9B-49BB-A825-4AF343640A3D}.Release|x86.Build.0 = Release|Any CPU
		{F00342B9-EE66-456D-9F7A-5A210640D857}.Debug|Any CPU.ActiveCfg = Debug|Any CPU
		{F00342B9-EE66-456D-9F7A-5A210640D857}.Debug|Any CPU.Build.0 = Debug|Any CPU
		{F00342B9-EE66-456D-9F7A-5A210640D857}.Debug|x64.ActiveCfg = Debug|Any CPU
		{F00342B9-EE66-456D-9F7A-5A210640D857}.Debug|x64.Build.0 = Debug|Any CPU
		{F00342B9-EE66-456D-9F7A-5A210640D857}.Debug|x86.ActiveCfg = Debug|Any CPU
		{F00342B9-EE66-456D-9F7A-5A210640D857}.Debug|x86.Build.0 = Debug|Any CPU
		{F00342B9-EE66-456D-9F7A-5A210640D857}.Release|Any CPU.ActiveCfg = Release|Any CPU
		{F00342B9-EE66-456D-9F7A-5A210640D857}.Release|Any CPU.Build.0 = Release|Any CPU
		{F00342B9-EE66-456D-9F7A-5A210640D857}.Release|x64.ActiveCfg = Release|Any CPU
		{F00342B9-EE66-456D-9F7A-5A210640D857}.Release|x64.Build.0 = Release|Any CPU
		{F00342B9-EE66-456D-9F7A-5A210640D857}.Release|x86.ActiveCfg = Release|Any CPU
		{F00342B9-EE66-456D-9F7A-5A210640D857}.Release|x86.Build.0 = Release|Any CPU
	EndGlobalSection
	GlobalSection(SolutionProperties) = preSolution
		HideSolutionNode = FALSE
	EndGlobalSection
	GlobalSection(NestedProjects) = preSolution
		{671D6DE4-4781-499C-8B4F-B0D558032AE1} = {3A68ED2B-9572-4481-91F9-67B3DA7260BF}
		{9F6A0DC3-5163-4B97-8158-03D5B21E77D9} = {3A68ED2B-9572-4481-91F9-67B3DA7260BF}
		{CDE8D0F2-250D-4677-9957-6F5697FC18B1} = {3A68ED2B-9572-4481-91F9-67B3DA7260BF}
		{8C21D2AB-635B-458A-898C-F9416370FBDF} = {3A68ED2B-9572-4481-91F9-67B3DA7260BF}
		{4B112E29-8DF7-4201-A744-387F2C5C3386} = {40B7E030-E53A-49F1-835F-A0872CFE9B4E}
		{DD7E9635-F099-4113-A939-8B67831F1B11} = {CDA0B9B0-C03C-4AF1-986C-E9F2915DA308}
		{448180AF-248E-4C9E-BCC7-78CF49ED17DE} = {CDA0B9B0-C03C-4AF1-986C-E9F2915DA308}
		{D0DA4EFB-0852-4E62-AFE7-5C15A00EE04D} = {CDA0B9B0-C03C-4AF1-986C-E9F2915DA308}
		{6E7A164B-D238-4A5C-814F-46F6F0D83589} = {CDA0B9B0-C03C-4AF1-986C-E9F2915DA308}
		{8F232764-A0DB-4E27-AB49-BC297904B9BF} = {CDA0B9B0-C03C-4AF1-986C-E9F2915DA308}
		{BAE064CF-D9EE-499B-8E80-CEB321F9D631} = {CDA0B9B0-C03C-4AF1-986C-E9F2915DA308}
		{6B69267F-5196-4FD2-98CC-FA70365C2B1B} = {CDA0B9B0-C03C-4AF1-986C-E9F2915DA308}
		{9E54B88B-13D3-4C43-BBDD-77C89F7D0198} = {CDA0B9B0-C03C-4AF1-986C-E9F2915DA308}
		{24BC3439-3686-46AA-89D7-5C37B6300CF3} = {CDA0B9B0-C03C-4AF1-986C-E9F2915DA308}
		{01E75C9E-C149-483E-A8BE-121938E253A3} = {CDA0B9B0-C03C-4AF1-986C-E9F2915DA308}
		{76222147-C24E-4BB9-B9C4-D2399DCB3FDD} = {CDA0B9B0-C03C-4AF1-986C-E9F2915DA308}
		{9AA72784-E981-4718-B301-3FA4FBA08A53} = {CDA0B9B0-C03C-4AF1-986C-E9F2915DA308}
		{3FDE068C-B091-4978-AA8A-B9C319E7AF7E} = {CDA0B9B0-C03C-4AF1-986C-E9F2915DA308}
		{0438CA87-28A6-4C55-88B2-17CBAF3E53DC} = {CDA0B9B0-C03C-4AF1-986C-E9F2915DA308}
		{BA8A598F-2749-4108-814E-278CCC7E3134} = {CDA0B9B0-C03C-4AF1-986C-E9F2915DA308}
		{5728F202-A0B6-44E3-9E1C-57AA3A97A40D} = {CDA0B9B0-C03C-4AF1-986C-E9F2915DA308}
		{D5ABCA26-AA5A-4005-86AF-E848E4CBA38D} = {CDA0B9B0-C03C-4AF1-986C-E9F2915DA308}
		{4D86A7DE-626F-4564-A5C5-EE6F66C42F08} = {CDA0B9B0-C03C-4AF1-986C-E9F2915DA308}
		{A131B211-E701-41C7-A46E-02F7C947C810} = {CDA0B9B0-C03C-4AF1-986C-E9F2915DA308}
		{AA055FEA-1705-4316-A2E1-F9884B61638C} = {CDA0B9B0-C03C-4AF1-986C-E9F2915DA308}
		{9B8B6FBD-6B0D-4754-96DF-F21A03FA2990} = {CDA0B9B0-C03C-4AF1-986C-E9F2915DA308}
		{59AC6B61-C76D-48EA-B48E-3A18ECB3076E} = {CDA0B9B0-C03C-4AF1-986C-E9F2915DA308}
		{197A745D-872A-47B2-A130-450E78507E96} = {CDA0B9B0-C03C-4AF1-986C-E9F2915DA308}
		{F2C6EA83-D891-44C5-A877-005D475E3592} = {CDA0B9B0-C03C-4AF1-986C-E9F2915DA308}
		{16ACD243-31FD-4F4B-B155-5419889A741C} = {CDA0B9B0-C03C-4AF1-986C-E9F2915DA308}
		{BA863EAF-563A-4699-82A4-7FD7EEF91DA3} = {CDA0B9B0-C03C-4AF1-986C-E9F2915DA308}
		{F9ADB11E-CCDE-4125-8CD9-D9A98EFE6101} = {CDA0B9B0-C03C-4AF1-986C-E9F2915DA308}
		{B8F0948A-5AB1-4D26-9F06-31A198EA282E} = {CDA0B9B0-C03C-4AF1-986C-E9F2915DA308}
		{C4B64F8C-5E1D-40BF-8C4D-59D7A07EC898} = {CDA0B9B0-C03C-4AF1-986C-E9F2915DA308}
		{E91C8895-6CF2-4382-A5B3-E9911F183B8B} = {CDA0B9B0-C03C-4AF1-986C-E9F2915DA308}
		{7EA22FF0-7537-4EBE-BC24-AAC035AB0AE0} = {CDA0B9B0-C03C-4AF1-986C-E9F2915DA308}
		{91D8E8A6-777C-4A7D-9175-C316CBB4A434} = {CDA0B9B0-C03C-4AF1-986C-E9F2915DA308}
		{22EDB454-14B6-4E93-A448-3D5083C676D4} = {CDA0B9B0-C03C-4AF1-986C-E9F2915DA308}
		{B3AB1601-3026-48CA-87DB-BD7C91A0D6C6} = {CDA0B9B0-C03C-4AF1-986C-E9F2915DA308}
		{04632E69-7AB7-4525-ADEF-ECEF0FE0516C} = {CDA0B9B0-C03C-4AF1-986C-E9F2915DA308}
		{2AB5E135-6CC6-4432-AA14-4C6D5052B0D7} = {CDA0B9B0-C03C-4AF1-986C-E9F2915DA308}
		{1682B68D-7AE8-4687-BE32-3D5924D4DEBB} = {CDA0B9B0-C03C-4AF1-986C-E9F2915DA308}
		{B6CE267B-FB14-45BA-AB4C-54D024E81361} = {CDA0B9B0-C03C-4AF1-986C-E9F2915DA308}
		{9A1DD2A1-BDC4-4A88-B846-CDE103299E46} = {CDA0B9B0-C03C-4AF1-986C-E9F2915DA308}
		{753692E9-01DB-412B-9F83-5E53AE7459BD} = {CDA0B9B0-C03C-4AF1-986C-E9F2915DA308}
		{E18BA40A-04AD-4221-B38C-6E49C54F4126} = {FC458568-37CA-42DA-BF41-3F6E00BE5819}
		{30CC2EBC-542B-4BBE-B5EC-8BEE6DF0AE0A} = {464CE326-19F3-4CE6-A861-5DCC7D8408B2}
		{FFB61390-E19D-4079-A037-B18E36447699} = {464CE326-19F3-4CE6-A861-5DCC7D8408B2}
		{991039F1-F422-48DE-9FAF-5A514765CF56} = {464CE326-19F3-4CE6-A861-5DCC7D8408B2}
		{E8D9A385-2495-4773-8E03-394E865BA440} = {464CE326-19F3-4CE6-A861-5DCC7D8408B2}
		{0A47F2FE-86EA-4276-9D1F-2501CDF369F3} = {464CE326-19F3-4CE6-A861-5DCC7D8408B2}
		{51BE0D8E-430C-485D-9EF8-3ED6BCF260BA} = {464CE326-19F3-4CE6-A861-5DCC7D8408B2}
		{136E63BB-E41D-4939-BDF2-D7DA4952BF7B} = {464CE326-19F3-4CE6-A861-5DCC7D8408B2}
		{6981F347-FC9B-49BB-A825-4AF343640A3D} = {464CE326-19F3-4CE6-A861-5DCC7D8408B2}
		{F00342B9-EE66-456D-9F7A-5A210640D857} = {464CE326-19F3-4CE6-A861-5DCC7D8408B2}
	EndGlobalSection
EndGlobal
